
Microsoft Visual Studio Solution File, Format Version 12.00
# Visual Studio 15
VisualStudioVersion = 15.0.27130.2036
MinimumVisualStudioVersion = 10.0.40219.1
Project("{9A19103F-16F7-4668-BE54-9A1E7A4F7556}") = "FScruiser.Xamarin", "FScruiser.Xamarin\FScruiser.Xamarin.csproj", "{34FEE276-8FCC-46C2-93EF-45E8F03FF269}"
EndProject
Project("{FAE04EC0-301F-11D3-BF4B-00C04F79EFBC}") = "FScruiser.Droid", "FScruiser.Droid\FScruiser.Droid.csproj", "{C05A7B01-044C-4532-98A8-0A318BC03891}"
EndProject
Project("{9A19103F-16F7-4668-BE54-9A1E7A4F7556}") = "FScruiser.Core", "FScruiser.Core\FScruiser.Core.csproj", "{5A2E5B93-C35F-451E-AD72-E7A045FDF1BE}"
EndProject
Project("{FAE04EC0-301F-11D3-BF4B-00C04F79EFBC}") = "FScruiser.Core.Test", "FScruiser.Core.Test\FScruiser.Core.Test.csproj", "{46E91C39-3CCA-4301-BA3D-B46D198750D8}"
EndProject
Global
	GlobalSection(SolutionConfigurationPlatforms) = preSolution
		Ad-Hoc|Any CPU = Ad-Hoc|Any CPU
		Ad-Hoc|iPhone = Ad-Hoc|iPhone
		Ad-Hoc|iPhoneSimulator = Ad-Hoc|iPhoneSimulator
		AppStore|Any CPU = AppStore|Any CPU
		AppStore|iPhone = AppStore|iPhone
		AppStore|iPhoneSimulator = AppStore|iPhoneSimulator
		Debug|Any CPU = Debug|Any CPU
		Debug|iPhone = Debug|iPhone
		Debug|iPhoneSimulator = Debug|iPhoneSimulator
		Release|Any CPU = Release|Any CPU
		Release|iPhone = Release|iPhone
		Release|iPhoneSimulator = Release|iPhoneSimulator
	EndGlobalSection
	GlobalSection(ProjectConfigurationPlatforms) = postSolution
		{34FEE276-8FCC-46C2-93EF-45E8F03FF269}.Ad-Hoc|Any CPU.ActiveCfg = Debug|Any CPU
		{34FEE276-8FCC-46C2-93EF-45E8F03FF269}.Ad-Hoc|Any CPU.Build.0 = Debug|Any CPU
		{34FEE276-8FCC-46C2-93EF-45E8F03FF269}.Ad-Hoc|iPhone.ActiveCfg = Debug|Any CPU
		{34FEE276-8FCC-46C2-93EF-45E8F03FF269}.Ad-Hoc|iPhone.Build.0 = Debug|Any CPU
		{34FEE276-8FCC-46C2-93EF-45E8F03FF269}.Ad-Hoc|iPhoneSimulator.ActiveCfg = Debug|Any CPU
		{34FEE276-8FCC-46C2-93EF-45E8F03FF269}.Ad-Hoc|iPhoneSimulator.Build.0 = Debug|Any CPU
		{34FEE276-8FCC-46C2-93EF-45E8F03FF269}.AppStore|Any CPU.ActiveCfg = Debug|Any CPU
		{34FEE276-8FCC-46C2-93EF-45E8F03FF269}.AppStore|Any CPU.Build.0 = Debug|Any CPU
		{34FEE276-8FCC-46C2-93EF-45E8F03FF269}.AppStore|iPhone.ActiveCfg = Debug|Any CPU
		{34FEE276-8FCC-46C2-93EF-45E8F03FF269}.AppStore|iPhone.Build.0 = Debug|Any CPU
		{34FEE276-8FCC-46C2-93EF-45E8F03FF269}.AppStore|iPhoneSimulator.ActiveCfg = Debug|Any CPU
		{34FEE276-8FCC-46C2-93EF-45E8F03FF269}.AppStore|iPhoneSimulator.Build.0 = Debug|Any CPU
		{34FEE276-8FCC-46C2-93EF-45E8F03FF269}.Debug|Any CPU.ActiveCfg = Debug|Any CPU
		{34FEE276-8FCC-46C2-93EF-45E8F03FF269}.Debug|Any CPU.Build.0 = Debug|Any CPU
		{34FEE276-8FCC-46C2-93EF-45E8F03FF269}.Debug|iPhone.ActiveCfg = Debug|Any CPU
		{34FEE276-8FCC-46C2-93EF-45E8F03FF269}.Debug|iPhone.Build.0 = Debug|Any CPU
		{34FEE276-8FCC-46C2-93EF-45E8F03FF269}.Debug|iPhoneSimulator.ActiveCfg = Debug|Any CPU
		{34FEE276-8FCC-46C2-93EF-45E8F03FF269}.Debug|iPhoneSimulator.Build.0 = Debug|Any CPU
		{34FEE276-8FCC-46C2-93EF-45E8F03FF269}.Release|Any CPU.ActiveCfg = Release|Any CPU
		{34FEE276-8FCC-46C2-93EF-45E8F03FF269}.Release|Any CPU.Build.0 = Release|Any CPU
		{34FEE276-8FCC-46C2-93EF-45E8F03FF269}.Release|iPhone.ActiveCfg = Release|Any CPU
		{34FEE276-8FCC-46C2-93EF-45E8F03FF269}.Release|iPhone.Build.0 = Release|Any CPU
		{34FEE276-8FCC-46C2-93EF-45E8F03FF269}.Release|iPhoneSimulator.ActiveCfg = Release|Any CPU
		{34FEE276-8FCC-46C2-93EF-45E8F03FF269}.Release|iPhoneSimulator.Build.0 = Release|Any CPU
		{C05A7B01-044C-4532-98A8-0A318BC03891}.Ad-Hoc|Any CPU.ActiveCfg = Release|Any CPU
		{C05A7B01-044C-4532-98A8-0A318BC03891}.Ad-Hoc|Any CPU.Build.0 = Release|Any CPU
		{C05A7B01-044C-4532-98A8-0A318BC03891}.Ad-Hoc|Any CPU.Deploy.0 = Release|Any CPU
		{C05A7B01-044C-4532-98A8-0A318BC03891}.Ad-Hoc|iPhone.ActiveCfg = Release|Any CPU
		{C05A7B01-044C-4532-98A8-0A318BC03891}.Ad-Hoc|iPhone.Build.0 = Release|Any CPU
		{C05A7B01-044C-4532-98A8-0A318BC03891}.Ad-Hoc|iPhone.Deploy.0 = Release|Any CPU
		{C05A7B01-044C-4532-98A8-0A318BC03891}.Ad-Hoc|iPhoneSimulator.ActiveCfg = Release|Any CPU
		{C05A7B01-044C-4532-98A8-0A318BC03891}.Ad-Hoc|iPhoneSimulator.Build.0 = Release|Any CPU
		{C05A7B01-044C-4532-98A8-0A318BC03891}.Ad-Hoc|iPhoneSimulator.Deploy.0 = Release|Any CPU
		{C05A7B01-044C-4532-98A8-0A318BC03891}.AppStore|Any CPU.ActiveCfg = Release|Any CPU
		{C05A7B01-044C-4532-98A8-0A318BC03891}.AppStore|Any CPU.Build.0 = Release|Any CPU
		{C05A7B01-044C-4532-98A8-0A318BC03891}.AppStore|Any CPU.Deploy.0 = Release|Any CPU
		{C05A7B01-044C-4532-98A8-0A318BC03891}.AppStore|iPhone.ActiveCfg = Release|Any CPU
		{C05A7B01-044C-4532-98A8-0A318BC03891}.AppStore|iPhone.Build.0 = Release|Any CPU
		{C05A7B01-044C-4532-98A8-0A318BC03891}.AppStore|iPhone.Deploy.0 = Release|Any CPU
		{C05A7B01-044C-4532-98A8-0A318BC03891}.AppStore|iPhoneSimulator.ActiveCfg = Release|Any CPU
		{C05A7B01-044C-4532-98A8-0A318BC03891}.AppStore|iPhoneSimulator.Build.0 = Release|Any CPU
		{C05A7B01-044C-4532-98A8-0A318BC03891}.AppStore|iPhoneSimulator.Deploy.0 = Release|Any CPU
		{C05A7B01-044C-4532-98A8-0A318BC03891}.Debug|Any CPU.ActiveCfg = Debug|Any CPU
		{C05A7B01-044C-4532-98A8-0A318BC03891}.Debug|Any CPU.Build.0 = Debug|Any CPU
		{C05A7B01-044C-4532-98A8-0A318BC03891}.Debug|Any CPU.Deploy.0 = Debug|Any CPU
		{C05A7B01-044C-4532-98A8-0A318BC03891}.Debug|iPhone.ActiveCfg = Debug|Any CPU
		{C05A7B01-044C-4532-98A8-0A318BC03891}.Debug|iPhone.Build.0 = Debug|Any CPU
		{C05A7B01-044C-4532-98A8-0A318BC03891}.Debug|iPhone.Deploy.0 = Debug|Any CPU
		{C05A7B01-044C-4532-98A8-0A318BC03891}.Debug|iPhoneSimulator.ActiveCfg = Debug|Any CPU
		{C05A7B01-044C-4532-98A8-0A318BC03891}.Debug|iPhoneSimulator.Build.0 = Debug|Any CPU
		{C05A7B01-044C-4532-98A8-0A318BC03891}.Debug|iPhoneSimulator.Deploy.0 = Debug|Any CPU
		{C05A7B01-044C-4532-98A8-0A318BC03891}.Release|Any CPU.ActiveCfg = Release|Any CPU
		{C05A7B01-044C-4532-98A8-0A318BC03891}.Release|Any CPU.Build.0 = Release|Any CPU
		{C05A7B01-044C-4532-98A8-0A318BC03891}.Release|Any CPU.Deploy.0 = Release|Any CPU
		{C05A7B01-044C-4532-98A8-0A318BC03891}.Release|iPhone.ActiveCfg = Release|Any CPU
		{C05A7B01-044C-4532-98A8-0A318BC03891}.Release|iPhone.Build.0 = Release|Any CPU
		{C05A7B01-044C-4532-98A8-0A318BC03891}.Release|iPhone.Deploy.0 = Release|Any CPU
		{C05A7B01-044C-4532-98A8-0A318BC03891}.Release|iPhoneSimulator.ActiveCfg = Release|Any CPU
		{C05A7B01-044C-4532-98A8-0A318BC03891}.Release|iPhoneSimulator.Build.0 = Release|Any CPU
		{C05A7B01-044C-4532-98A8-0A318BC03891}.Release|iPhoneSimulator.Deploy.0 = Release|Any CPU
		{5A2E5B93-C35F-451E-AD72-E7A045FDF1BE}.Ad-Hoc|Any CPU.ActiveCfg = Debug|Any CPU
		{5A2E5B93-C35F-451E-AD72-E7A045FDF1BE}.Ad-Hoc|Any CPU.Build.0 = Debug|Any CPU
		{5A2E5B93-C35F-451E-AD72-E7A045FDF1BE}.Ad-Hoc|iPhone.ActiveCfg = Debug|Any CPU
		{5A2E5B93-C35F-451E-AD72-E7A045FDF1BE}.Ad-Hoc|iPhone.Build.0 = Debug|Any CPU
		{5A2E5B93-C35F-451E-AD72-E7A045FDF1BE}.Ad-Hoc|iPhoneSimulator.ActiveCfg = Debug|Any CPU
		{5A2E5B93-C35F-451E-AD72-E7A045FDF1BE}.Ad-Hoc|iPhoneSimulator.Build.0 = Debug|Any CPU
		{5A2E5B93-C35F-451E-AD72-E7A045FDF1BE}.AppStore|Any CPU.ActiveCfg = Debug|Any CPU
		{5A2E5B93-C35F-451E-AD72-E7A045FDF1BE}.AppStore|Any CPU.Build.0 = Debug|Any CPU
		{5A2E5B93-C35F-451E-AD72-E7A045FDF1BE}.AppStore|iPhone.ActiveCfg = Debug|Any CPU
		{5A2E5B93-C35F-451E-AD72-E7A045FDF1BE}.AppStore|iPhone.Build.0 = Debug|Any CPU
		{5A2E5B93-C35F-451E-AD72-E7A045FDF1BE}.AppStore|iPhoneSimulator.ActiveCfg = Debug|Any CPU
		{5A2E5B93-C35F-451E-AD72-E7A045FDF1BE}.AppStore|iPhoneSimulator.Build.0 = Debug|Any CPU
		{5A2E5B93-C35F-451E-AD72-E7A045FDF1BE}.Debug|Any CPU.ActiveCfg = Debug|Any CPU
		{5A2E5B93-C35F-451E-AD72-E7A045FDF1BE}.Debug|Any CPU.Build.0 = Debug|Any CPU
		{5A2E5B93-C35F-451E-AD72-E7A045FDF1BE}.Debug|iPhone.ActiveCfg = Debug|Any CPU
		{5A2E5B93-C35F-451E-AD72-E7A045FDF1BE}.Debug|iPhone.Build.0 = Debug|Any CPU
		{5A2E5B93-C35F-451E-AD72-E7A045FDF1BE}.Debug|iPhoneSimulator.ActiveCfg = Debug|Any CPU
		{5A2E5B93-C35F-451E-AD72-E7A045FDF1BE}.Debug|iPhoneSimulator.Build.0 = Debug|Any CPU
		{5A2E5B93-C35F-451E-AD72-E7A045FDF1BE}.Release|Any CPU.ActiveCfg = Release|Any CPU
		{5A2E5B93-C35F-451E-AD72-E7A045FDF1BE}.Release|Any CPU.Build.0 = Release|Any CPU
		{5A2E5B93-C35F-451E-AD72-E7A045FDF1BE}.Release|iPhone.ActiveCfg = Release|Any CPU
		{5A2E5B93-C35F-451E-AD72-E7A045FDF1BE}.Release|iPhone.Build.0 = Release|Any CPU
		{5A2E5B93-C35F-451E-AD72-E7A045FDF1BE}.Release|iPhoneSimulator.ActiveCfg = Release|Any CPU
		{5A2E5B93-C35F-451E-AD72-E7A045FDF1BE}.Release|iPhoneSimulator.Build.0 = Release|Any CPU
		{A575E2C7-54E7-4BEC-B541-6C69C55664B7}.Ad-Hoc|Any CPU.ActiveCfg = Release|Any CPU
		{A575E2C7-54E7-4BEC-B541-6C69C55664B7}.Ad-Hoc|Any CPU.Build.0 = Release|Any CPU
		{A575E2C7-54E7-4BEC-B541-6C69C55664B7}.Ad-Hoc|iPhone.ActiveCfg = Release|Any CPU
		{A575E2C7-54E7-4BEC-B541-6C69C55664B7}.Ad-Hoc|iPhone.Build.0 = Release|Any CPU
		{A575E2C7-54E7-4BEC-B541-6C69C55664B7}.Ad-Hoc|iPhoneSimulator.ActiveCfg = Release|Any CPU
		{A575E2C7-54E7-4BEC-B541-6C69C55664B7}.Ad-Hoc|iPhoneSimulator.Build.0 = Release|Any CPU
		{A575E2C7-54E7-4BEC-B541-6C69C55664B7}.AppStore|Any CPU.ActiveCfg = Release|Any CPU
		{A575E2C7-54E7-4BEC-B541-6C69C55664B7}.AppStore|Any CPU.Build.0 = Release|Any CPU
		{A575E2C7-54E7-4BEC-B541-6C69C55664B7}.AppStore|iPhone.ActiveCfg = Release|Any CPU
		{A575E2C7-54E7-4BEC-B541-6C69C55664B7}.AppStore|iPhone.Build.0 = Release|Any CPU
		{A575E2C7-54E7-4BEC-B541-6C69C55664B7}.AppStore|iPhoneSimulator.ActiveCfg = Release|Any CPU
		{A575E2C7-54E7-4BEC-B541-6C69C55664B7}.AppStore|iPhoneSimulator.Build.0 = Release|Any CPU
		{A575E2C7-54E7-4BEC-B541-6C69C55664B7}.Debug|Any CPU.ActiveCfg = Debug|Any CPU
		{A575E2C7-54E7-4BEC-B541-6C69C55664B7}.Debug|Any CPU.Build.0 = Debug|Any CPU
		{A575E2C7-54E7-4BEC-B541-6C69C55664B7}.Debug|iPhone.ActiveCfg = Debug|Any CPU
		{A575E2C7-54E7-4BEC-B541-6C69C55664B7}.Debug|iPhone.Build.0 = Debug|Any CPU
		{A575E2C7-54E7-4BEC-B541-6C69C55664B7}.Debug|iPhoneSimulator.ActiveCfg = Debug|Any CPU
		{A575E2C7-54E7-4BEC-B541-6C69C55664B7}.Debug|iPhoneSimulator.Build.0 = Debug|Any CPU
		{A575E2C7-54E7-4BEC-B541-6C69C55664B7}.Release|Any CPU.ActiveCfg = Release|Any CPU
		{A575E2C7-54E7-4BEC-B541-6C69C55664B7}.Release|Any CPU.Build.0 = Release|Any CPU
		{A575E2C7-54E7-4BEC-B541-6C69C55664B7}.Release|iPhone.ActiveCfg = Release|Any CPU
		{A575E2C7-54E7-4BEC-B541-6C69C55664B7}.Release|iPhone.Build.0 = Release|Any CPU
		{A575E2C7-54E7-4BEC-B541-6C69C55664B7}.Release|iPhoneSimulator.ActiveCfg = Release|Any CPU
		{A575E2C7-54E7-4BEC-B541-6C69C55664B7}.Release|iPhoneSimulator.Build.0 = Release|Any CPU
		{46E91C39-3CCA-4301-BA3D-B46D198750D8}.Ad-Hoc|Any CPU.ActiveCfg = Debug|Any CPU
		{46E91C39-3CCA-4301-BA3D-B46D198750D8}.Ad-Hoc|Any CPU.Build.0 = Debug|Any CPU
		{46E91C39-3CCA-4301-BA3D-B46D198750D8}.Ad-Hoc|iPhone.ActiveCfg = Debug|Any CPU
		{46E91C39-3CCA-4301-BA3D-B46D198750D8}.Ad-Hoc|iPhone.Build.0 = Debug|Any CPU
		{46E91C39-3CCA-4301-BA3D-B46D198750D8}.Ad-Hoc|iPhoneSimulator.ActiveCfg = Debug|Any CPU
		{46E91C39-3CCA-4301-BA3D-B46D198750D8}.Ad-Hoc|iPhoneSimulator.Build.0 = Debug|Any CPU
		{46E91C39-3CCA-4301-BA3D-B46D198750D8}.AppStore|Any CPU.ActiveCfg = Debug|Any CPU
		{46E91C39-3CCA-4301-BA3D-B46D198750D8}.AppStore|Any CPU.Build.0 = Debug|Any CPU
		{46E91C39-3CCA-4301-BA3D-B46D198750D8}.AppStore|iPhone.ActiveCfg = Debug|Any CPU
		{46E91C39-3CCA-4301-BA3D-B46D198750D8}.AppStore|iPhone.Build.0 = Debug|Any CPU
		{46E91C39-3CCA-4301-BA3D-B46D198750D8}.AppStore|iPhoneSimulator.ActiveCfg = Debug|Any CPU
		{46E91C39-3CCA-4301-BA3D-B46D198750D8}.AppStore|iPhoneSimulator.Build.0 = Debug|Any CPU
		{46E91C39-3CCA-4301-BA3D-B46D198750D8}.Debug|Any CPU.ActiveCfg = Debug|Any CPU
		{46E91C39-3CCA-4301-BA3D-B46D198750D8}.Debug|Any CPU.Build.0 = Debug|Any CPU
		{46E91C39-3CCA-4301-BA3D-B46D198750D8}.Debug|iPhone.ActiveCfg = Debug|Any CPU
		{46E91C39-3CCA-4301-BA3D-B46D198750D8}.Debug|iPhone.Build.0 = Debug|Any CPU
		{46E91C39-3CCA-4301-BA3D-B46D198750D8}.Debug|iPhoneSimulator.ActiveCfg = Debug|Any CPU
		{46E91C39-3CCA-4301-BA3D-B46D198750D8}.Debug|iPhoneSimulator.Build.0 = Debug|Any CPU
		{46E91C39-3CCA-4301-BA3D-B46D198750D8}.Release|Any CPU.ActiveCfg = Release|Any CPU
		{46E91C39-3CCA-4301-BA3D-B46D198750D8}.Release|Any CPU.Build.0 = Release|Any CPU
		{46E91C39-3CCA-4301-BA3D-B46D198750D8}.Release|iPhone.ActiveCfg = Release|Any CPU
		{46E91C39-3CCA-4301-BA3D-B46D198750D8}.Release|iPhone.Build.0 = Release|Any CPU
		{46E91C39-3CCA-4301-BA3D-B46D198750D8}.Release|iPhoneSimulator.ActiveCfg = Release|Any CPU
		{46E91C39-3CCA-4301-BA3D-B46D198750D8}.Release|iPhoneSimulator.Build.0 = Release|Any CPU
	EndGlobalSection
	GlobalSection(SolutionProperties) = preSolution
		HideSolutionNode = FALSE
	EndGlobalSection
	GlobalSection(ExtensibilityGlobals) = postSolution
		SolutionGuid = {3FBD072B-292B-4D98-85D8-7E79623F4CAF}
	EndGlobalSection
EndGlobal
