
Microsoft Visual Studio Solution File, Format Version 12.00
# Visual Studio 14
VisualStudioVersion = 14.0.25420.1
MinimumVisualStudioVersion = 10.0.40219.1
Project("{FAE04EC0-301F-11D3-BF4B-00C04F79EFBC}") = "FScruiser.Droid", "FScruiser\FScruiser.Droid\FScruiser.Droid.csproj", "{D7270C98-62A5-42AF-B008-1715CA930014}"
	ProjectSection(ProjectDependencies) = postProject
		{B8020B07-E2B6-42BE-9D1F-37F74660AEFA} = {B8020B07-E2B6-42BE-9D1F-37F74660AEFA}
		{4C61AB15-EAC0-417B-B8B1-742183AEA970} = {4C61AB15-EAC0-417B-B8B1-742183AEA970}
		{B2CB186C-9319-43D0-A694-FB566E083C58} = {B2CB186C-9319-43D0-A694-FB566E083C58}
	EndProjectSection
EndProject
Project("{FAE04EC0-301F-11D3-BF4B-00C04F79EFBC}") = "FScruiser.Xamarin", "FScruiser\FScruiser.Xamarin\FScruiser.Xamarin.csproj", "{B8020B07-E2B6-42BE-9D1F-37F74660AEFA}"
EndProject
Project("{FAE04EC0-301F-11D3-BF4B-00C04F79EFBC}") = "FScruiser.Droid.Test", "FScruiser.Droid.Test\FScruiser.Droid.Test.csproj", "{5154B7AC-0E71-4639-9374-C3FC42864D70}"
EndProject
Project("{FAE04EC0-301F-11D3-BF4B-00C04F79EFBC}") = "FMSC.Sampling.PCL", "FMSC.Sampling\src\FMSC.Sampling.PCL\FMSC.Sampling.PCL.csproj", "{B2CB186C-9319-43D0-A694-FB566E083C58}"
EndProject
Project("{FAE04EC0-301F-11D3-BF4B-00C04F79EFBC}") = "FScruiser.Test", "FScruiser.Test\FScruiser.Test.csproj", "{9E3F4358-DBDE-458F-BA2A-A3CE249693B6}"
EndProject
Project("{FAE04EC0-301F-11D3-BF4B-00C04F79EFBC}") = "FScruiser.Core", "FScruiser.Core\FScruiser.Core.csproj", "{4C61AB15-EAC0-417B-B8B1-742183AEA970}"
EndProject
Global
	GlobalSection(SharedMSBuildProjectFiles) = preSolution
		FMSC.Sampling\src\FMSC.Sampling\FMSC.Sampling.projitems*{b2cb186c-9319-43d0-a694-fb566e083c58}*SharedItemsImports = 4
	EndGlobalSection
	GlobalSection(SolutionConfigurationPlatforms) = preSolution
		Ad-Hoc|Any CPU = Ad-Hoc|Any CPU
		Ad-Hoc|ARM = Ad-Hoc|ARM
		Ad-Hoc|iPhone = Ad-Hoc|iPhone
		Ad-Hoc|iPhoneSimulator = Ad-Hoc|iPhoneSimulator
		Ad-Hoc|x64 = Ad-Hoc|x64
		Ad-Hoc|x86 = Ad-Hoc|x86
		AppStore|Any CPU = AppStore|Any CPU
		AppStore|ARM = AppStore|ARM
		AppStore|iPhone = AppStore|iPhone
		AppStore|iPhoneSimulator = AppStore|iPhoneSimulator
		AppStore|x64 = AppStore|x64
		AppStore|x86 = AppStore|x86
		Debug|Any CPU = Debug|Any CPU
		Debug|ARM = Debug|ARM
		Debug|iPhone = Debug|iPhone
		Debug|iPhoneSimulator = Debug|iPhoneSimulator
		Debug|x64 = Debug|x64
		Debug|x86 = Debug|x86
		Release|Any CPU = Release|Any CPU
		Release|ARM = Release|ARM
		Release|iPhone = Release|iPhone
		Release|iPhoneSimulator = Release|iPhoneSimulator
		Release|x64 = Release|x64
		Release|x86 = Release|x86
	EndGlobalSection
	GlobalSection(ProjectConfigurationPlatforms) = postSolution
		{D7270C98-62A5-42AF-B008-1715CA930014}.Ad-Hoc|Any CPU.ActiveCfg = Release|Any CPU
		{D7270C98-62A5-42AF-B008-1715CA930014}.Ad-Hoc|Any CPU.Build.0 = Release|Any CPU
		{D7270C98-62A5-42AF-B008-1715CA930014}.Ad-Hoc|Any CPU.Deploy.0 = Release|Any CPU
		{D7270C98-62A5-42AF-B008-1715CA930014}.Ad-Hoc|ARM.ActiveCfg = Release|Any CPU
		{D7270C98-62A5-42AF-B008-1715CA930014}.Ad-Hoc|ARM.Build.0 = Release|Any CPU
		{D7270C98-62A5-42AF-B008-1715CA930014}.Ad-Hoc|ARM.Deploy.0 = Release|Any CPU
		{D7270C98-62A5-42AF-B008-1715CA930014}.Ad-Hoc|iPhone.ActiveCfg = Release|Any CPU
		{D7270C98-62A5-42AF-B008-1715CA930014}.Ad-Hoc|iPhone.Build.0 = Release|Any CPU
		{D7270C98-62A5-42AF-B008-1715CA930014}.Ad-Hoc|iPhone.Deploy.0 = Release|Any CPU
		{D7270C98-62A5-42AF-B008-1715CA930014}.Ad-Hoc|iPhoneSimulator.ActiveCfg = Release|Any CPU
		{D7270C98-62A5-42AF-B008-1715CA930014}.Ad-Hoc|iPhoneSimulator.Build.0 = Release|Any CPU
		{D7270C98-62A5-42AF-B008-1715CA930014}.Ad-Hoc|iPhoneSimulator.Deploy.0 = Release|Any CPU
		{D7270C98-62A5-42AF-B008-1715CA930014}.Ad-Hoc|x64.ActiveCfg = Release|Any CPU
		{D7270C98-62A5-42AF-B008-1715CA930014}.Ad-Hoc|x64.Build.0 = Release|Any CPU
		{D7270C98-62A5-42AF-B008-1715CA930014}.Ad-Hoc|x64.Deploy.0 = Release|Any CPU
		{D7270C98-62A5-42AF-B008-1715CA930014}.Ad-Hoc|x86.ActiveCfg = Release|Any CPU
		{D7270C98-62A5-42AF-B008-1715CA930014}.Ad-Hoc|x86.Build.0 = Release|Any CPU
		{D7270C98-62A5-42AF-B008-1715CA930014}.Ad-Hoc|x86.Deploy.0 = Release|Any CPU
		{D7270C98-62A5-42AF-B008-1715CA930014}.AppStore|Any CPU.ActiveCfg = Release|Any CPU
		{D7270C98-62A5-42AF-B008-1715CA930014}.AppStore|Any CPU.Build.0 = Release|Any CPU
		{D7270C98-62A5-42AF-B008-1715CA930014}.AppStore|Any CPU.Deploy.0 = Release|Any CPU
		{D7270C98-62A5-42AF-B008-1715CA930014}.AppStore|ARM.ActiveCfg = Release|Any CPU
		{D7270C98-62A5-42AF-B008-1715CA930014}.AppStore|ARM.Build.0 = Release|Any CPU
		{D7270C98-62A5-42AF-B008-1715CA930014}.AppStore|ARM.Deploy.0 = Release|Any CPU
		{D7270C98-62A5-42AF-B008-1715CA930014}.AppStore|iPhone.ActiveCfg = Release|Any CPU
		{D7270C98-62A5-42AF-B008-1715CA930014}.AppStore|iPhone.Build.0 = Release|Any CPU
		{D7270C98-62A5-42AF-B008-1715CA930014}.AppStore|iPhone.Deploy.0 = Release|Any CPU
		{D7270C98-62A5-42AF-B008-1715CA930014}.AppStore|iPhoneSimulator.ActiveCfg = Release|Any CPU
		{D7270C98-62A5-42AF-B008-1715CA930014}.AppStore|iPhoneSimulator.Build.0 = Release|Any CPU
		{D7270C98-62A5-42AF-B008-1715CA930014}.AppStore|iPhoneSimulator.Deploy.0 = Release|Any CPU
		{D7270C98-62A5-42AF-B008-1715CA930014}.AppStore|x64.ActiveCfg = Release|Any CPU
		{D7270C98-62A5-42AF-B008-1715CA930014}.AppStore|x64.Build.0 = Release|Any CPU
		{D7270C98-62A5-42AF-B008-1715CA930014}.AppStore|x64.Deploy.0 = Release|Any CPU
		{D7270C98-62A5-42AF-B008-1715CA930014}.AppStore|x86.ActiveCfg = Release|Any CPU
		{D7270C98-62A5-42AF-B008-1715CA930014}.AppStore|x86.Build.0 = Release|Any CPU
		{D7270C98-62A5-42AF-B008-1715CA930014}.AppStore|x86.Deploy.0 = Release|Any CPU
		{D7270C98-62A5-42AF-B008-1715CA930014}.Debug|Any CPU.ActiveCfg = Debug|Any CPU
		{D7270C98-62A5-42AF-B008-1715CA930014}.Debug|Any CPU.Build.0 = Debug|Any CPU
		{D7270C98-62A5-42AF-B008-1715CA930014}.Debug|Any CPU.Deploy.0 = Debug|Any CPU
		{D7270C98-62A5-42AF-B008-1715CA930014}.Debug|ARM.ActiveCfg = Debug|Any CPU
		{D7270C98-62A5-42AF-B008-1715CA930014}.Debug|ARM.Build.0 = Debug|Any CPU
		{D7270C98-62A5-42AF-B008-1715CA930014}.Debug|ARM.Deploy.0 = Debug|Any CPU
		{D7270C98-62A5-42AF-B008-1715CA930014}.Debug|iPhone.ActiveCfg = Debug|Any CPU
		{D7270C98-62A5-42AF-B008-1715CA930014}.Debug|iPhone.Build.0 = Debug|Any CPU
		{D7270C98-62A5-42AF-B008-1715CA930014}.Debug|iPhone.Deploy.0 = Debug|Any CPU
		{D7270C98-62A5-42AF-B008-1715CA930014}.Debug|iPhoneSimulator.ActiveCfg = Debug|Any CPU
		{D7270C98-62A5-42AF-B008-1715CA930014}.Debug|iPhoneSimulator.Build.0 = Debug|Any CPU
		{D7270C98-62A5-42AF-B008-1715CA930014}.Debug|iPhoneSimulator.Deploy.0 = Debug|Any CPU
		{D7270C98-62A5-42AF-B008-1715CA930014}.Debug|x64.ActiveCfg = Debug|Any CPU
		{D7270C98-62A5-42AF-B008-1715CA930014}.Debug|x64.Build.0 = Debug|Any CPU
		{D7270C98-62A5-42AF-B008-1715CA930014}.Debug|x64.Deploy.0 = Debug|Any CPU
		{D7270C98-62A5-42AF-B008-1715CA930014}.Debug|x86.ActiveCfg = Debug|Any CPU
		{D7270C98-62A5-42AF-B008-1715CA930014}.Debug|x86.Build.0 = Debug|Any CPU
		{D7270C98-62A5-42AF-B008-1715CA930014}.Debug|x86.Deploy.0 = Debug|Any CPU
		{D7270C98-62A5-42AF-B008-1715CA930014}.Release|Any CPU.ActiveCfg = Release|Any CPU
		{D7270C98-62A5-42AF-B008-1715CA930014}.Release|Any CPU.Build.0 = Release|Any CPU
		{D7270C98-62A5-42AF-B008-1715CA930014}.Release|Any CPU.Deploy.0 = Release|Any CPU
		{D7270C98-62A5-42AF-B008-1715CA930014}.Release|ARM.ActiveCfg = Release|Any CPU
		{D7270C98-62A5-42AF-B008-1715CA930014}.Release|ARM.Build.0 = Release|Any CPU
		{D7270C98-62A5-42AF-B008-1715CA930014}.Release|ARM.Deploy.0 = Release|Any CPU
		{D7270C98-62A5-42AF-B008-1715CA930014}.Release|iPhone.ActiveCfg = Release|Any CPU
		{D7270C98-62A5-42AF-B008-1715CA930014}.Release|iPhone.Build.0 = Release|Any CPU
		{D7270C98-62A5-42AF-B008-1715CA930014}.Release|iPhone.Deploy.0 = Release|Any CPU
		{D7270C98-62A5-42AF-B008-1715CA930014}.Release|iPhoneSimulator.ActiveCfg = Release|Any CPU
		{D7270C98-62A5-42AF-B008-1715CA930014}.Release|iPhoneSimulator.Build.0 = Release|Any CPU
		{D7270C98-62A5-42AF-B008-1715CA930014}.Release|iPhoneSimulator.Deploy.0 = Release|Any CPU
		{D7270C98-62A5-42AF-B008-1715CA930014}.Release|x64.ActiveCfg = Release|Any CPU
		{D7270C98-62A5-42AF-B008-1715CA930014}.Release|x64.Build.0 = Release|Any CPU
		{D7270C98-62A5-42AF-B008-1715CA930014}.Release|x64.Deploy.0 = Release|Any CPU
		{D7270C98-62A5-42AF-B008-1715CA930014}.Release|x86.ActiveCfg = Release|Any CPU
		{D7270C98-62A5-42AF-B008-1715CA930014}.Release|x86.Build.0 = Release|Any CPU
		{D7270C98-62A5-42AF-B008-1715CA930014}.Release|x86.Deploy.0 = Release|Any CPU
		{B8020B07-E2B6-42BE-9D1F-37F74660AEFA}.Ad-Hoc|Any CPU.ActiveCfg = Release|Any CPU
		{B8020B07-E2B6-42BE-9D1F-37F74660AEFA}.Ad-Hoc|Any CPU.Build.0 = Release|Any CPU
		{B8020B07-E2B6-42BE-9D1F-37F74660AEFA}.Ad-Hoc|ARM.ActiveCfg = Release|Any CPU
		{B8020B07-E2B6-42BE-9D1F-37F74660AEFA}.Ad-Hoc|ARM.Build.0 = Release|Any CPU
		{B8020B07-E2B6-42BE-9D1F-37F74660AEFA}.Ad-Hoc|iPhone.ActiveCfg = Release|Any CPU
		{B8020B07-E2B6-42BE-9D1F-37F74660AEFA}.Ad-Hoc|iPhone.Build.0 = Release|Any CPU
		{B8020B07-E2B6-42BE-9D1F-37F74660AEFA}.Ad-Hoc|iPhoneSimulator.ActiveCfg = Release|Any CPU
		{B8020B07-E2B6-42BE-9D1F-37F74660AEFA}.Ad-Hoc|iPhoneSimulator.Build.0 = Release|Any CPU
		{B8020B07-E2B6-42BE-9D1F-37F74660AEFA}.Ad-Hoc|x64.ActiveCfg = Release|Any CPU
		{B8020B07-E2B6-42BE-9D1F-37F74660AEFA}.Ad-Hoc|x64.Build.0 = Release|Any CPU
		{B8020B07-E2B6-42BE-9D1F-37F74660AEFA}.Ad-Hoc|x86.ActiveCfg = Release|Any CPU
		{B8020B07-E2B6-42BE-9D1F-37F74660AEFA}.Ad-Hoc|x86.Build.0 = Release|Any CPU
		{B8020B07-E2B6-42BE-9D1F-37F74660AEFA}.AppStore|Any CPU.ActiveCfg = Release|Any CPU
		{B8020B07-E2B6-42BE-9D1F-37F74660AEFA}.AppStore|Any CPU.Build.0 = Release|Any CPU
		{B8020B07-E2B6-42BE-9D1F-37F74660AEFA}.AppStore|ARM.ActiveCfg = Release|Any CPU
		{B8020B07-E2B6-42BE-9D1F-37F74660AEFA}.AppStore|ARM.Build.0 = Release|Any CPU
		{B8020B07-E2B6-42BE-9D1F-37F74660AEFA}.AppStore|iPhone.ActiveCfg = Release|Any CPU
		{B8020B07-E2B6-42BE-9D1F-37F74660AEFA}.AppStore|iPhone.Build.0 = Release|Any CPU
		{B8020B07-E2B6-42BE-9D1F-37F74660AEFA}.AppStore|iPhoneSimulator.ActiveCfg = Release|Any CPU
		{B8020B07-E2B6-42BE-9D1F-37F74660AEFA}.AppStore|iPhoneSimulator.Build.0 = Release|Any CPU
		{B8020B07-E2B6-42BE-9D1F-37F74660AEFA}.AppStore|x64.ActiveCfg = Release|Any CPU
		{B8020B07-E2B6-42BE-9D1F-37F74660AEFA}.AppStore|x64.Build.0 = Release|Any CPU
		{B8020B07-E2B6-42BE-9D1F-37F74660AEFA}.AppStore|x86.ActiveCfg = Release|Any CPU
		{B8020B07-E2B6-42BE-9D1F-37F74660AEFA}.AppStore|x86.Build.0 = Release|Any CPU
		{B8020B07-E2B6-42BE-9D1F-37F74660AEFA}.Debug|Any CPU.ActiveCfg = Debug|Any CPU
		{B8020B07-E2B6-42BE-9D1F-37F74660AEFA}.Debug|Any CPU.Build.0 = Debug|Any CPU
		{B8020B07-E2B6-42BE-9D1F-37F74660AEFA}.Debug|ARM.ActiveCfg = Debug|Any CPU
		{B8020B07-E2B6-42BE-9D1F-37F74660AEFA}.Debug|ARM.Build.0 = Debug|Any CPU
		{B8020B07-E2B6-42BE-9D1F-37F74660AEFA}.Debug|iPhone.ActiveCfg = Debug|Any CPU
		{B8020B07-E2B6-42BE-9D1F-37F74660AEFA}.Debug|iPhone.Build.0 = Debug|Any CPU
		{B8020B07-E2B6-42BE-9D1F-37F74660AEFA}.Debug|iPhoneSimulator.ActiveCfg = Debug|Any CPU
		{B8020B07-E2B6-42BE-9D1F-37F74660AEFA}.Debug|iPhoneSimulator.Build.0 = Debug|Any CPU
		{B8020B07-E2B6-42BE-9D1F-37F74660AEFA}.Debug|x64.ActiveCfg = Debug|Any CPU
		{B8020B07-E2B6-42BE-9D1F-37F74660AEFA}.Debug|x64.Build.0 = Debug|Any CPU
		{B8020B07-E2B6-42BE-9D1F-37F74660AEFA}.Debug|x86.ActiveCfg = Debug|Any CPU
		{B8020B07-E2B6-42BE-9D1F-37F74660AEFA}.Debug|x86.Build.0 = Debug|Any CPU
		{B8020B07-E2B6-42BE-9D1F-37F74660AEFA}.Release|Any CPU.ActiveCfg = Release|Any CPU
		{B8020B07-E2B6-42BE-9D1F-37F74660AEFA}.Release|Any CPU.Build.0 = Release|Any CPU
		{B8020B07-E2B6-42BE-9D1F-37F74660AEFA}.Release|ARM.ActiveCfg = Release|Any CPU
		{B8020B07-E2B6-42BE-9D1F-37F74660AEFA}.Release|ARM.Build.0 = Release|Any CPU
		{B8020B07-E2B6-42BE-9D1F-37F74660AEFA}.Release|iPhone.ActiveCfg = Release|Any CPU
		{B8020B07-E2B6-42BE-9D1F-37F74660AEFA}.Release|iPhone.Build.0 = Release|Any CPU
		{B8020B07-E2B6-42BE-9D1F-37F74660AEFA}.Release|iPhoneSimulator.ActiveCfg = Release|Any CPU
		{B8020B07-E2B6-42BE-9D1F-37F74660AEFA}.Release|iPhoneSimulator.Build.0 = Release|Any CPU
		{B8020B07-E2B6-42BE-9D1F-37F74660AEFA}.Release|x64.ActiveCfg = Release|Any CPU
		{B8020B07-E2B6-42BE-9D1F-37F74660AEFA}.Release|x64.Build.0 = Release|Any CPU
		{B8020B07-E2B6-42BE-9D1F-37F74660AEFA}.Release|x86.ActiveCfg = Release|Any CPU
		{B8020B07-E2B6-42BE-9D1F-37F74660AEFA}.Release|x86.Build.0 = Release|Any CPU
		{5154B7AC-0E71-4639-9374-C3FC42864D70}.Ad-Hoc|Any CPU.ActiveCfg = Release|Any CPU
		{5154B7AC-0E71-4639-9374-C3FC42864D70}.Ad-Hoc|Any CPU.Build.0 = Release|Any CPU
		{5154B7AC-0E71-4639-9374-C3FC42864D70}.Ad-Hoc|ARM.ActiveCfg = Release|Any CPU
		{5154B7AC-0E71-4639-9374-C3FC42864D70}.Ad-Hoc|ARM.Build.0 = Release|Any CPU
		{5154B7AC-0E71-4639-9374-C3FC42864D70}.Ad-Hoc|iPhone.ActiveCfg = Release|Any CPU
		{5154B7AC-0E71-4639-9374-C3FC42864D70}.Ad-Hoc|iPhone.Build.0 = Release|Any CPU
		{5154B7AC-0E71-4639-9374-C3FC42864D70}.Ad-Hoc|iPhoneSimulator.ActiveCfg = Release|Any CPU
		{5154B7AC-0E71-4639-9374-C3FC42864D70}.Ad-Hoc|iPhoneSimulator.Build.0 = Release|Any CPU
		{5154B7AC-0E71-4639-9374-C3FC42864D70}.Ad-Hoc|x64.ActiveCfg = Release|Any CPU
		{5154B7AC-0E71-4639-9374-C3FC42864D70}.Ad-Hoc|x64.Build.0 = Release|Any CPU
		{5154B7AC-0E71-4639-9374-C3FC42864D70}.Ad-Hoc|x86.ActiveCfg = Release|Any CPU
		{5154B7AC-0E71-4639-9374-C3FC42864D70}.Ad-Hoc|x86.Build.0 = Release|Any CPU
		{5154B7AC-0E71-4639-9374-C3FC42864D70}.AppStore|Any CPU.ActiveCfg = Release|Any CPU
		{5154B7AC-0E71-4639-9374-C3FC42864D70}.AppStore|Any CPU.Build.0 = Release|Any CPU
		{5154B7AC-0E71-4639-9374-C3FC42864D70}.AppStore|ARM.ActiveCfg = Release|Any CPU
		{5154B7AC-0E71-4639-9374-C3FC42864D70}.AppStore|ARM.Build.0 = Release|Any CPU
		{5154B7AC-0E71-4639-9374-C3FC42864D70}.AppStore|iPhone.ActiveCfg = Release|Any CPU
		{5154B7AC-0E71-4639-9374-C3FC42864D70}.AppStore|iPhone.Build.0 = Release|Any CPU
		{5154B7AC-0E71-4639-9374-C3FC42864D70}.AppStore|iPhoneSimulator.ActiveCfg = Release|Any CPU
		{5154B7AC-0E71-4639-9374-C3FC42864D70}.AppStore|iPhoneSimulator.Build.0 = Release|Any CPU
		{5154B7AC-0E71-4639-9374-C3FC42864D70}.AppStore|x64.ActiveCfg = Release|Any CPU
		{5154B7AC-0E71-4639-9374-C3FC42864D70}.AppStore|x64.Build.0 = Release|Any CPU
		{5154B7AC-0E71-4639-9374-C3FC42864D70}.AppStore|x86.ActiveCfg = Release|Any CPU
		{5154B7AC-0E71-4639-9374-C3FC42864D70}.AppStore|x86.Build.0 = Release|Any CPU
		{5154B7AC-0E71-4639-9374-C3FC42864D70}.Debug|Any CPU.ActiveCfg = Debug|Any CPU
		{5154B7AC-0E71-4639-9374-C3FC42864D70}.Debug|Any CPU.Build.0 = Debug|Any CPU
		{5154B7AC-0E71-4639-9374-C3FC42864D70}.Debug|ARM.ActiveCfg = Debug|Any CPU
		{5154B7AC-0E71-4639-9374-C3FC42864D70}.Debug|ARM.Build.0 = Debug|Any CPU
		{5154B7AC-0E71-4639-9374-C3FC42864D70}.Debug|iPhone.ActiveCfg = Debug|Any CPU
		{5154B7AC-0E71-4639-9374-C3FC42864D70}.Debug|iPhone.Build.0 = Debug|Any CPU
		{5154B7AC-0E71-4639-9374-C3FC42864D70}.Debug|iPhoneSimulator.ActiveCfg = Debug|Any CPU
		{5154B7AC-0E71-4639-9374-C3FC42864D70}.Debug|iPhoneSimulator.Build.0 = Debug|Any CPU
		{5154B7AC-0E71-4639-9374-C3FC42864D70}.Debug|x64.ActiveCfg = Debug|Any CPU
		{5154B7AC-0E71-4639-9374-C3FC42864D70}.Debug|x64.Build.0 = Debug|Any CPU
		{5154B7AC-0E71-4639-9374-C3FC42864D70}.Debug|x86.ActiveCfg = Debug|Any CPU
		{5154B7AC-0E71-4639-9374-C3FC42864D70}.Debug|x86.Build.0 = Debug|Any CPU
		{5154B7AC-0E71-4639-9374-C3FC42864D70}.Release|Any CPU.ActiveCfg = Release|Any CPU
		{5154B7AC-0E71-4639-9374-C3FC42864D70}.Release|Any CPU.Build.0 = Release|Any CPU
		{5154B7AC-0E71-4639-9374-C3FC42864D70}.Release|ARM.ActiveCfg = Release|Any CPU
		{5154B7AC-0E71-4639-9374-C3FC42864D70}.Release|ARM.Build.0 = Release|Any CPU
		{5154B7AC-0E71-4639-9374-C3FC42864D70}.Release|iPhone.ActiveCfg = Release|Any CPU
		{5154B7AC-0E71-4639-9374-C3FC42864D70}.Release|iPhone.Build.0 = Release|Any CPU
		{5154B7AC-0E71-4639-9374-C3FC42864D70}.Release|iPhoneSimulator.ActiveCfg = Release|Any CPU
		{5154B7AC-0E71-4639-9374-C3FC42864D70}.Release|iPhoneSimulator.Build.0 = Release|Any CPU
		{5154B7AC-0E71-4639-9374-C3FC42864D70}.Release|x64.ActiveCfg = Release|Any CPU
		{5154B7AC-0E71-4639-9374-C3FC42864D70}.Release|x64.Build.0 = Release|Any CPU
		{5154B7AC-0E71-4639-9374-C3FC42864D70}.Release|x86.ActiveCfg = Release|Any CPU
		{5154B7AC-0E71-4639-9374-C3FC42864D70}.Release|x86.Build.0 = Release|Any CPU
		{B2CB186C-9319-43D0-A694-FB566E083C58}.Ad-Hoc|Any CPU.ActiveCfg = Release|Any CPU
		{B2CB186C-9319-43D0-A694-FB566E083C58}.Ad-Hoc|Any CPU.Build.0 = Release|Any CPU
		{B2CB186C-9319-43D0-A694-FB566E083C58}.Ad-Hoc|ARM.ActiveCfg = Release|Any CPU
		{B2CB186C-9319-43D0-A694-FB566E083C58}.Ad-Hoc|ARM.Build.0 = Release|Any CPU
		{B2CB186C-9319-43D0-A694-FB566E083C58}.Ad-Hoc|iPhone.ActiveCfg = Release|Any CPU
		{B2CB186C-9319-43D0-A694-FB566E083C58}.Ad-Hoc|iPhone.Build.0 = Release|Any CPU
		{B2CB186C-9319-43D0-A694-FB566E083C58}.Ad-Hoc|iPhoneSimulator.ActiveCfg = Release|Any CPU
		{B2CB186C-9319-43D0-A694-FB566E083C58}.Ad-Hoc|iPhoneSimulator.Build.0 = Release|Any CPU
		{B2CB186C-9319-43D0-A694-FB566E083C58}.Ad-Hoc|x64.ActiveCfg = Release|Any CPU
		{B2CB186C-9319-43D0-A694-FB566E083C58}.Ad-Hoc|x64.Build.0 = Release|Any CPU
		{B2CB186C-9319-43D0-A694-FB566E083C58}.Ad-Hoc|x86.ActiveCfg = Release|Any CPU
		{B2CB186C-9319-43D0-A694-FB566E083C58}.Ad-Hoc|x86.Build.0 = Release|Any CPU
		{B2CB186C-9319-43D0-A694-FB566E083C58}.AppStore|Any CPU.ActiveCfg = Release|Any CPU
		{B2CB186C-9319-43D0-A694-FB566E083C58}.AppStore|Any CPU.Build.0 = Release|Any CPU
		{B2CB186C-9319-43D0-A694-FB566E083C58}.AppStore|ARM.ActiveCfg = Release|Any CPU
		{B2CB186C-9319-43D0-A694-FB566E083C58}.AppStore|ARM.Build.0 = Release|Any CPU
		{B2CB186C-9319-43D0-A694-FB566E083C58}.AppStore|iPhone.ActiveCfg = Release|Any CPU
		{B2CB186C-9319-43D0-A694-FB566E083C58}.AppStore|iPhone.Build.0 = Release|Any CPU
		{B2CB186C-9319-43D0-A694-FB566E083C58}.AppStore|iPhoneSimulator.ActiveCfg = Release|Any CPU
		{B2CB186C-9319-43D0-A694-FB566E083C58}.AppStore|iPhoneSimulator.Build.0 = Release|Any CPU
		{B2CB186C-9319-43D0-A694-FB566E083C58}.AppStore|x64.ActiveCfg = Release|Any CPU
		{B2CB186C-9319-43D0-A694-FB566E083C58}.AppStore|x64.Build.0 = Release|Any CPU
		{B2CB186C-9319-43D0-A694-FB566E083C58}.AppStore|x86.ActiveCfg = Release|Any CPU
		{B2CB186C-9319-43D0-A694-FB566E083C58}.AppStore|x86.Build.0 = Release|Any CPU
		{B2CB186C-9319-43D0-A694-FB566E083C58}.Debug|Any CPU.ActiveCfg = Debug|Any CPU
		{B2CB186C-9319-43D0-A694-FB566E083C58}.Debug|Any CPU.Build.0 = Debug|Any CPU
		{B2CB186C-9319-43D0-A694-FB566E083C58}.Debug|ARM.ActiveCfg = Debug|Any CPU
		{B2CB186C-9319-43D0-A694-FB566E083C58}.Debug|ARM.Build.0 = Debug|Any CPU
		{B2CB186C-9319-43D0-A694-FB566E083C58}.Debug|iPhone.ActiveCfg = Debug|Any CPU
		{B2CB186C-9319-43D0-A694-FB566E083C58}.Debug|iPhone.Build.0 = Debug|Any CPU
		{B2CB186C-9319-43D0-A694-FB566E083C58}.Debug|iPhoneSimulator.ActiveCfg = Debug|Any CPU
		{B2CB186C-9319-43D0-A694-FB566E083C58}.Debug|iPhoneSimulator.Build.0 = Debug|Any CPU
		{B2CB186C-9319-43D0-A694-FB566E083C58}.Debug|x64.ActiveCfg = Debug|Any CPU
		{B2CB186C-9319-43D0-A694-FB566E083C58}.Debug|x64.Build.0 = Debug|Any CPU
		{B2CB186C-9319-43D0-A694-FB566E083C58}.Debug|x86.ActiveCfg = Debug|Any CPU
		{B2CB186C-9319-43D0-A694-FB566E083C58}.Debug|x86.Build.0 = Debug|Any CPU
		{B2CB186C-9319-43D0-A694-FB566E083C58}.Release|Any CPU.ActiveCfg = Release|Any CPU
		{B2CB186C-9319-43D0-A694-FB566E083C58}.Release|Any CPU.Build.0 = Release|Any CPU
		{B2CB186C-9319-43D0-A694-FB566E083C58}.Release|ARM.ActiveCfg = Release|Any CPU
		{B2CB186C-9319-43D0-A694-FB566E083C58}.Release|ARM.Build.0 = Release|Any CPU
		{B2CB186C-9319-43D0-A694-FB566E083C58}.Release|iPhone.ActiveCfg = Release|Any CPU
		{B2CB186C-9319-43D0-A694-FB566E083C58}.Release|iPhone.Build.0 = Release|Any CPU
		{B2CB186C-9319-43D0-A694-FB566E083C58}.Release|iPhoneSimulator.ActiveCfg = Release|Any CPU
		{B2CB186C-9319-43D0-A694-FB566E083C58}.Release|iPhoneSimulator.Build.0 = Release|Any CPU
		{B2CB186C-9319-43D0-A694-FB566E083C58}.Release|x64.ActiveCfg = Release|Any CPU
		{B2CB186C-9319-43D0-A694-FB566E083C58}.Release|x64.Build.0 = Release|Any CPU
		{B2CB186C-9319-43D0-A694-FB566E083C58}.Release|x86.ActiveCfg = Release|Any CPU
		{B2CB186C-9319-43D0-A694-FB566E083C58}.Release|x86.Build.0 = Release|Any CPU
		{9E3F4358-DBDE-458F-BA2A-A3CE249693B6}.Ad-Hoc|Any CPU.ActiveCfg = Release|Any CPU
		{9E3F4358-DBDE-458F-BA2A-A3CE249693B6}.Ad-Hoc|Any CPU.Build.0 = Release|Any CPU
		{9E3F4358-DBDE-458F-BA2A-A3CE249693B6}.Ad-Hoc|ARM.ActiveCfg = Release|Any CPU
		{9E3F4358-DBDE-458F-BA2A-A3CE249693B6}.Ad-Hoc|ARM.Build.0 = Release|Any CPU
		{9E3F4358-DBDE-458F-BA2A-A3CE249693B6}.Ad-Hoc|iPhone.ActiveCfg = Release|Any CPU
		{9E3F4358-DBDE-458F-BA2A-A3CE249693B6}.Ad-Hoc|iPhone.Build.0 = Release|Any CPU
		{9E3F4358-DBDE-458F-BA2A-A3CE249693B6}.Ad-Hoc|iPhoneSimulator.ActiveCfg = Release|Any CPU
		{9E3F4358-DBDE-458F-BA2A-A3CE249693B6}.Ad-Hoc|iPhoneSimulator.Build.0 = Release|Any CPU
		{9E3F4358-DBDE-458F-BA2A-A3CE249693B6}.Ad-Hoc|x64.ActiveCfg = Release|Any CPU
		{9E3F4358-DBDE-458F-BA2A-A3CE249693B6}.Ad-Hoc|x64.Build.0 = Release|Any CPU
		{9E3F4358-DBDE-458F-BA2A-A3CE249693B6}.Ad-Hoc|x86.ActiveCfg = Release|Any CPU
		{9E3F4358-DBDE-458F-BA2A-A3CE249693B6}.Ad-Hoc|x86.Build.0 = Release|Any CPU
		{9E3F4358-DBDE-458F-BA2A-A3CE249693B6}.AppStore|Any CPU.ActiveCfg = Release|Any CPU
		{9E3F4358-DBDE-458F-BA2A-A3CE249693B6}.AppStore|Any CPU.Build.0 = Release|Any CPU
		{9E3F4358-DBDE-458F-BA2A-A3CE249693B6}.AppStore|ARM.ActiveCfg = Release|Any CPU
		{9E3F4358-DBDE-458F-BA2A-A3CE249693B6}.AppStore|ARM.Build.0 = Release|Any CPU
		{9E3F4358-DBDE-458F-BA2A-A3CE249693B6}.AppStore|iPhone.ActiveCfg = Release|Any CPU
		{9E3F4358-DBDE-458F-BA2A-A3CE249693B6}.AppStore|iPhone.Build.0 = Release|Any CPU
		{9E3F4358-DBDE-458F-BA2A-A3CE249693B6}.AppStore|iPhoneSimulator.ActiveCfg = Release|Any CPU
		{9E3F4358-DBDE-458F-BA2A-A3CE249693B6}.AppStore|iPhoneSimulator.Build.0 = Release|Any CPU
		{9E3F4358-DBDE-458F-BA2A-A3CE249693B6}.AppStore|x64.ActiveCfg = Release|Any CPU
		{9E3F4358-DBDE-458F-BA2A-A3CE249693B6}.AppStore|x64.Build.0 = Release|Any CPU
		{9E3F4358-DBDE-458F-BA2A-A3CE249693B6}.AppStore|x86.ActiveCfg = Release|Any CPU
		{9E3F4358-DBDE-458F-BA2A-A3CE249693B6}.AppStore|x86.Build.0 = Release|Any CPU
		{9E3F4358-DBDE-458F-BA2A-A3CE249693B6}.Debug|Any CPU.ActiveCfg = Debug|Any CPU
		{9E3F4358-DBDE-458F-BA2A-A3CE249693B6}.Debug|Any CPU.Build.0 = Debug|Any CPU
		{9E3F4358-DBDE-458F-BA2A-A3CE249693B6}.Debug|ARM.ActiveCfg = Debug|Any CPU
		{9E3F4358-DBDE-458F-BA2A-A3CE249693B6}.Debug|ARM.Build.0 = Debug|Any CPU
		{9E3F4358-DBDE-458F-BA2A-A3CE249693B6}.Debug|iPhone.ActiveCfg = Debug|Any CPU
		{9E3F4358-DBDE-458F-BA2A-A3CE249693B6}.Debug|iPhone.Build.0 = Debug|Any CPU
		{9E3F4358-DBDE-458F-BA2A-A3CE249693B6}.Debug|iPhoneSimulator.ActiveCfg = Debug|Any CPU
		{9E3F4358-DBDE-458F-BA2A-A3CE249693B6}.Debug|iPhoneSimulator.Build.0 = Debug|Any CPU
		{9E3F4358-DBDE-458F-BA2A-A3CE249693B6}.Debug|x64.ActiveCfg = Debug|Any CPU
		{9E3F4358-DBDE-458F-BA2A-A3CE249693B6}.Debug|x64.Build.0 = Debug|Any CPU
		{9E3F4358-DBDE-458F-BA2A-A3CE249693B6}.Debug|x86.ActiveCfg = Debug|Any CPU
		{9E3F4358-DBDE-458F-BA2A-A3CE249693B6}.Debug|x86.Build.0 = Debug|Any CPU
		{9E3F4358-DBDE-458F-BA2A-A3CE249693B6}.Release|Any CPU.ActiveCfg = Release|Any CPU
		{9E3F4358-DBDE-458F-BA2A-A3CE249693B6}.Release|Any CPU.Build.0 = Release|Any CPU
		{9E3F4358-DBDE-458F-BA2A-A3CE249693B6}.Release|ARM.ActiveCfg = Release|Any CPU
		{9E3F4358-DBDE-458F-BA2A-A3CE249693B6}.Release|ARM.Build.0 = Release|Any CPU
		{9E3F4358-DBDE-458F-BA2A-A3CE249693B6}.Release|iPhone.ActiveCfg = Release|Any CPU
		{9E3F4358-DBDE-458F-BA2A-A3CE249693B6}.Release|iPhone.Build.0 = Release|Any CPU
		{9E3F4358-DBDE-458F-BA2A-A3CE249693B6}.Release|iPhoneSimulator.ActiveCfg = Release|Any CPU
		{9E3F4358-DBDE-458F-BA2A-A3CE249693B6}.Release|iPhoneSimulator.Build.0 = Release|Any CPU
		{9E3F4358-DBDE-458F-BA2A-A3CE249693B6}.Release|x64.ActiveCfg = Release|Any CPU
		{9E3F4358-DBDE-458F-BA2A-A3CE249693B6}.Release|x64.Build.0 = Release|Any CPU
		{9E3F4358-DBDE-458F-BA2A-A3CE249693B6}.Release|x86.ActiveCfg = Release|Any CPU
		{9E3F4358-DBDE-458F-BA2A-A3CE249693B6}.Release|x86.Build.0 = Release|Any CPU
		{4C61AB15-EAC0-417B-B8B1-742183AEA970}.Ad-Hoc|Any CPU.ActiveCfg = Release|Any CPU
		{4C61AB15-EAC0-417B-B8B1-742183AEA970}.Ad-Hoc|Any CPU.Build.0 = Release|Any CPU
		{4C61AB15-EAC0-417B-B8B1-742183AEA970}.Ad-Hoc|ARM.ActiveCfg = Release|Any CPU
		{4C61AB15-EAC0-417B-B8B1-742183AEA970}.Ad-Hoc|ARM.Build.0 = Release|Any CPU
		{4C61AB15-EAC0-417B-B8B1-742183AEA970}.Ad-Hoc|iPhone.ActiveCfg = Release|Any CPU
		{4C61AB15-EAC0-417B-B8B1-742183AEA970}.Ad-Hoc|iPhone.Build.0 = Release|Any CPU
		{4C61AB15-EAC0-417B-B8B1-742183AEA970}.Ad-Hoc|iPhoneSimulator.ActiveCfg = Release|Any CPU
		{4C61AB15-EAC0-417B-B8B1-742183AEA970}.Ad-Hoc|iPhoneSimulator.Build.0 = Release|Any CPU
		{4C61AB15-EAC0-417B-B8B1-742183AEA970}.Ad-Hoc|x64.ActiveCfg = Release|Any CPU
		{4C61AB15-EAC0-417B-B8B1-742183AEA970}.Ad-Hoc|x64.Build.0 = Release|Any CPU
		{4C61AB15-EAC0-417B-B8B1-742183AEA970}.Ad-Hoc|x86.ActiveCfg = Release|Any CPU
		{4C61AB15-EAC0-417B-B8B1-742183AEA970}.Ad-Hoc|x86.Build.0 = Release|Any CPU
		{4C61AB15-EAC0-417B-B8B1-742183AEA970}.AppStore|Any CPU.ActiveCfg = Release|Any CPU
		{4C61AB15-EAC0-417B-B8B1-742183AEA970}.AppStore|Any CPU.Build.0 = Release|Any CPU
		{4C61AB15-EAC0-417B-B8B1-742183AEA970}.AppStore|ARM.ActiveCfg = Release|Any CPU
		{4C61AB15-EAC0-417B-B8B1-742183AEA970}.AppStore|ARM.Build.0 = Release|Any CPU
		{4C61AB15-EAC0-417B-B8B1-742183AEA970}.AppStore|iPhone.ActiveCfg = Release|Any CPU
		{4C61AB15-EAC0-417B-B8B1-742183AEA970}.AppStore|iPhone.Build.0 = Release|Any CPU
		{4C61AB15-EAC0-417B-B8B1-742183AEA970}.AppStore|iPhoneSimulator.ActiveCfg = Release|Any CPU
		{4C61AB15-EAC0-417B-B8B1-742183AEA970}.AppStore|iPhoneSimulator.Build.0 = Release|Any CPU
		{4C61AB15-EAC0-417B-B8B1-742183AEA970}.AppStore|x64.ActiveCfg = Release|Any CPU
		{4C61AB15-EAC0-417B-B8B1-742183AEA970}.AppStore|x64.Build.0 = Release|Any CPU
		{4C61AB15-EAC0-417B-B8B1-742183AEA970}.AppStore|x86.ActiveCfg = Release|Any CPU
		{4C61AB15-EAC0-417B-B8B1-742183AEA970}.AppStore|x86.Build.0 = Release|Any CPU
		{4C61AB15-EAC0-417B-B8B1-742183AEA970}.Debug|Any CPU.ActiveCfg = Debug|Any CPU
		{4C61AB15-EAC0-417B-B8B1-742183AEA970}.Debug|Any CPU.Build.0 = Debug|Any CPU
		{4C61AB15-EAC0-417B-B8B1-742183AEA970}.Debug|ARM.ActiveCfg = Debug|Any CPU
		{4C61AB15-EAC0-417B-B8B1-742183AEA970}.Debug|ARM.Build.0 = Debug|Any CPU
		{4C61AB15-EAC0-417B-B8B1-742183AEA970}.Debug|iPhone.ActiveCfg = Debug|Any CPU
		{4C61AB15-EAC0-417B-B8B1-742183AEA970}.Debug|iPhone.Build.0 = Debug|Any CPU
		{4C61AB15-EAC0-417B-B8B1-742183AEA970}.Debug|iPhoneSimulator.ActiveCfg = Debug|Any CPU
		{4C61AB15-EAC0-417B-B8B1-742183AEA970}.Debug|iPhoneSimulator.Build.0 = Debug|Any CPU
		{4C61AB15-EAC0-417B-B8B1-742183AEA970}.Debug|x64.ActiveCfg = Debug|Any CPU
		{4C61AB15-EAC0-417B-B8B1-742183AEA970}.Debug|x64.Build.0 = Debug|Any CPU
		{4C61AB15-EAC0-417B-B8B1-742183AEA970}.Debug|x86.ActiveCfg = Debug|Any CPU
		{4C61AB15-EAC0-417B-B8B1-742183AEA970}.Debug|x86.Build.0 = Debug|Any CPU
		{4C61AB15-EAC0-417B-B8B1-742183AEA970}.Release|Any CPU.ActiveCfg = Release|Any CPU
		{4C61AB15-EAC0-417B-B8B1-742183AEA970}.Release|Any CPU.Build.0 = Release|Any CPU
		{4C61AB15-EAC0-417B-B8B1-742183AEA970}.Release|ARM.ActiveCfg = Release|Any CPU
		{4C61AB15-EAC0-417B-B8B1-742183AEA970}.Release|ARM.Build.0 = Release|Any CPU
		{4C61AB15-EAC0-417B-B8B1-742183AEA970}.Release|iPhone.ActiveCfg = Release|Any CPU
		{4C61AB15-EAC0-417B-B8B1-742183AEA970}.Release|iPhone.Build.0 = Release|Any CPU
		{4C61AB15-EAC0-417B-B8B1-742183AEA970}.Release|iPhoneSimulator.ActiveCfg = Release|Any CPU
		{4C61AB15-EAC0-417B-B8B1-742183AEA970}.Release|iPhoneSimulator.Build.0 = Release|Any CPU
		{4C61AB15-EAC0-417B-B8B1-742183AEA970}.Release|x64.ActiveCfg = Release|Any CPU
		{4C61AB15-EAC0-417B-B8B1-742183AEA970}.Release|x64.Build.0 = Release|Any CPU
		{4C61AB15-EAC0-417B-B8B1-742183AEA970}.Release|x86.ActiveCfg = Release|Any CPU
		{4C61AB15-EAC0-417B-B8B1-742183AEA970}.Release|x86.Build.0 = Release|Any CPU
	EndGlobalSection
	GlobalSection(SolutionProperties) = preSolution
		HideSolutionNode = FALSE
	EndGlobalSection
EndGlobal
