
Microsoft Visual Studio Solution File, Format Version 12.00
# Visual Studio 14
VisualStudioVersion = 14.0.25420.1
MinimumVisualStudioVersion = 10.0.40219.1
Project("{FAE04EC0-301F-11D3-BF4B-00C04F79EFBC}") = "FScruiser.Droid", "FScruiser\FScruiser.Droid\FScruiser.Droid.csproj", "{D7270C98-62A5-42AF-B008-1715CA930014}"
EndProject
Project("{FAE04EC0-301F-11D3-BF4B-00C04F79EFBC}") = "FScruiser.UWP", "FScruiser\FScruiser.UWP\FScruiser.UWP.csproj", "{48F4ED2D-0462-41DA-BF78-84A722EA4BBF}"
EndProject
Project("{FAE04EC0-301F-11D3-BF4B-00C04F79EFBC}") = "FScruiser.Core", "FScruiser\FScruiser\FScruiser.Core.csproj", "{B8020B07-E2B6-42BE-9D1F-37F74660AEFA}"
EndProject
Project("{FAE04EC0-301F-11D3-BF4B-00C04F79EFBC}") = "FScruiser.Droid.Test", "FScruiser.Droid.Test\FScruiser.Droid.Test.csproj", "{5154B7AC-0E71-4639-9374-C3FC42864D70}"
EndProject
Project("{FAE04EC0-301F-11D3-BF4B-00C04F79EFBC}") = "Backpack.PCL", "Backpack\source\Backpack.Core\Backpack.PCL.csproj", "{8B614307-F66F-4134-8CAA-3C1D02846F9B}"
EndProject
Project("{FAE04EC0-301F-11D3-BF4B-00C04F79EFBC}") = "Backpack.SQLite", "Backpack\source\Backpack.SQLite\Backpack.SQLite.csproj", "{6A6DFF5F-2F68-4FFD-94B6-9A52B4AB641E}"
EndProject
Project("{FAE04EC0-301F-11D3-BF4B-00C04F79EFBC}") = "FMSC.Sampling.PCL", "FMSC.Sampling\src\FMSC.Sampling.PCL\FMSC.Sampling.PCL.csproj", "{B2CB186C-9319-43D0-A694-FB566E083C58}"
EndProject
Global
	GlobalSection(SharedMSBuildProjectFiles) = preSolution
		FMSC.Sampling\src\FMSC.Sampling\FMSC.Sampling.projitems*{b2cb186c-9319-43d0-a694-fb566e083c58}*SharedItemsImports = 4
	EndGlobalSection
	GlobalSection(SolutionConfigurationPlatforms) = preSolution
		Ad-Hoc|Any CPU = Ad-Hoc|Any CPU
		Ad-Hoc|ARM = Ad-Hoc|ARM
		Ad-Hoc|iPhone = Ad-Hoc|iPhone
		Ad-Hoc|iPhoneSimulator = Ad-Hoc|iPhoneSimulator
		Ad-Hoc|x64 = Ad-Hoc|x64
		Ad-Hoc|x86 = Ad-Hoc|x86
		AppStore|Any CPU = AppStore|Any CPU
		AppStore|ARM = AppStore|ARM
		AppStore|iPhone = AppStore|iPhone
		AppStore|iPhoneSimulator = AppStore|iPhoneSimulator
		AppStore|x64 = AppStore|x64
		AppStore|x86 = AppStore|x86
		Debug|Any CPU = Debug|Any CPU
		Debug|ARM = Debug|ARM
		Debug|iPhone = Debug|iPhone
		Debug|iPhoneSimulator = Debug|iPhoneSimulator
		Debug|x64 = Debug|x64
		Debug|x86 = Debug|x86
		Release|Any CPU = Release|Any CPU
		Release|ARM = Release|ARM
		Release|iPhone = Release|iPhone
		Release|iPhoneSimulator = Release|iPhoneSimulator
		Release|x64 = Release|x64
		Release|x86 = Release|x86
	EndGlobalSection
	GlobalSection(ProjectConfigurationPlatforms) = postSolution
		{D7270C98-62A5-42AF-B008-1715CA930014}.Ad-Hoc|Any CPU.ActiveCfg = Release|Any CPU
		{D7270C98-62A5-42AF-B008-1715CA930014}.Ad-Hoc|Any CPU.Build.0 = Release|Any CPU
		{D7270C98-62A5-42AF-B008-1715CA930014}.Ad-Hoc|Any CPU.Deploy.0 = Release|Any CPU
		{D7270C98-62A5-42AF-B008-1715CA930014}.Ad-Hoc|ARM.ActiveCfg = Release|Any CPU
		{D7270C98-62A5-42AF-B008-1715CA930014}.Ad-Hoc|ARM.Build.0 = Release|Any CPU
		{D7270C98-62A5-42AF-B008-1715CA930014}.Ad-Hoc|ARM.Deploy.0 = Release|Any CPU
		{D7270C98-62A5-42AF-B008-1715CA930014}.Ad-Hoc|iPhone.ActiveCfg = Release|Any CPU
		{D7270C98-62A5-42AF-B008-1715CA930014}.Ad-Hoc|iPhone.Build.0 = Release|Any CPU
		{D7270C98-62A5-42AF-B008-1715CA930014}.Ad-Hoc|iPhone.Deploy.0 = Release|Any CPU
		{D7270C98-62A5-42AF-B008-1715CA930014}.Ad-Hoc|iPhoneSimulator.ActiveCfg = Release|Any CPU
		{D7270C98-62A5-42AF-B008-1715CA930014}.Ad-Hoc|iPhoneSimulator.Build.0 = Release|Any CPU
		{D7270C98-62A5-42AF-B008-1715CA930014}.Ad-Hoc|iPhoneSimulator.Deploy.0 = Release|Any CPU
		{D7270C98-62A5-42AF-B008-1715CA930014}.Ad-Hoc|x64.ActiveCfg = Release|Any CPU
		{D7270C98-62A5-42AF-B008-1715CA930014}.Ad-Hoc|x64.Build.0 = Release|Any CPU
		{D7270C98-62A5-42AF-B008-1715CA930014}.Ad-Hoc|x64.Deploy.0 = Release|Any CPU
		{D7270C98-62A5-42AF-B008-1715CA930014}.Ad-Hoc|x86.ActiveCfg = Release|Any CPU
		{D7270C98-62A5-42AF-B008-1715CA930014}.Ad-Hoc|x86.Build.0 = Release|Any CPU
		{D7270C98-62A5-42AF-B008-1715CA930014}.Ad-Hoc|x86.Deploy.0 = Release|Any CPU
		{D7270C98-62A5-42AF-B008-1715CA930014}.AppStore|Any CPU.ActiveCfg = Release|Any CPU
		{D7270C98-62A5-42AF-B008-1715CA930014}.AppStore|Any CPU.Build.0 = Release|Any CPU
		{D7270C98-62A5-42AF-B008-1715CA930014}.AppStore|Any CPU.Deploy.0 = Release|Any CPU
		{D7270C98-62A5-42AF-B008-1715CA930014}.AppStore|ARM.ActiveCfg = Release|Any CPU
		{D7270C98-62A5-42AF-B008-1715CA930014}.AppStore|ARM.Build.0 = Release|Any CPU
		{D7270C98-62A5-42AF-B008-1715CA930014}.AppStore|ARM.Deploy.0 = Release|Any CPU
		{D7270C98-62A5-42AF-B008-1715CA930014}.AppStore|iPhone.ActiveCfg = Release|Any CPU
		{D7270C98-62A5-42AF-B008-1715CA930014}.AppStore|iPhone.Build.0 = Release|Any CPU
		{D7270C98-62A5-42AF-B008-1715CA930014}.AppStore|iPhone.Deploy.0 = Release|Any CPU
		{D7270C98-62A5-42AF-B008-1715CA930014}.AppStore|iPhoneSimulator.ActiveCfg = Release|Any CPU
		{D7270C98-62A5-42AF-B008-1715CA930014}.AppStore|iPhoneSimulator.Build.0 = Release|Any CPU
		{D7270C98-62A5-42AF-B008-1715CA930014}.AppStore|iPhoneSimulator.Deploy.0 = Release|Any CPU
		{D7270C98-62A5-42AF-B008-1715CA930014}.AppStore|x64.ActiveCfg = Release|Any CPU
		{D7270C98-62A5-42AF-B008-1715CA930014}.AppStore|x64.Build.0 = Release|Any CPU
		{D7270C98-62A5-42AF-B008-1715CA930014}.AppStore|x64.Deploy.0 = Release|Any CPU
		{D7270C98-62A5-42AF-B008-1715CA930014}.AppStore|x86.ActiveCfg = Release|Any CPU
		{D7270C98-62A5-42AF-B008-1715CA930014}.AppStore|x86.Build.0 = Release|Any CPU
		{D7270C98-62A5-42AF-B008-1715CA930014}.AppStore|x86.Deploy.0 = Release|Any CPU
		{D7270C98-62A5-42AF-B008-1715CA930014}.Debug|Any CPU.ActiveCfg = Debug|Any CPU
		{D7270C98-62A5-42AF-B008-1715CA930014}.Debug|Any CPU.Build.0 = Debug|Any CPU
		{D7270C98-62A5-42AF-B008-1715CA930014}.Debug|Any CPU.Deploy.0 = Debug|Any CPU
		{D7270C98-62A5-42AF-B008-1715CA930014}.Debug|ARM.ActiveCfg = Debug|Any CPU
		{D7270C98-62A5-42AF-B008-1715CA930014}.Debug|ARM.Build.0 = Debug|Any CPU
		{D7270C98-62A5-42AF-B008-1715CA930014}.Debug|ARM.Deploy.0 = Debug|Any CPU
		{D7270C98-62A5-42AF-B008-1715CA930014}.Debug|iPhone.ActiveCfg = Debug|Any CPU
		{D7270C98-62A5-42AF-B008-1715CA930014}.Debug|iPhone.Build.0 = Debug|Any CPU
		{D7270C98-62A5-42AF-B008-1715CA930014}.Debug|iPhone.Deploy.0 = Debug|Any CPU
		{D7270C98-62A5-42AF-B008-1715CA930014}.Debug|iPhoneSimulator.ActiveCfg = Debug|Any CPU
		{D7270C98-62A5-42AF-B008-1715CA930014}.Debug|iPhoneSimulator.Build.0 = Debug|Any CPU
		{D7270C98-62A5-42AF-B008-1715CA930014}.Debug|iPhoneSimulator.Deploy.0 = Debug|Any CPU
		{D7270C98-62A5-42AF-B008-1715CA930014}.Debug|x64.ActiveCfg = Debug|Any CPU
		{D7270C98-62A5-42AF-B008-1715CA930014}.Debug|x64.Build.0 = Debug|Any CPU
		{D7270C98-62A5-42AF-B008-1715CA930014}.Debug|x64.Deploy.0 = Debug|Any CPU
		{D7270C98-62A5-42AF-B008-1715CA930014}.Debug|x86.ActiveCfg = Debug|Any CPU
		{D7270C98-62A5-42AF-B008-1715CA930014}.Debug|x86.Build.0 = Debug|Any CPU
		{D7270C98-62A5-42AF-B008-1715CA930014}.Debug|x86.Deploy.0 = Debug|Any CPU
		{D7270C98-62A5-42AF-B008-1715CA930014}.Release|Any CPU.ActiveCfg = Release|Any CPU
		{D7270C98-62A5-42AF-B008-1715CA930014}.Release|Any CPU.Build.0 = Release|Any CPU
		{D7270C98-62A5-42AF-B008-1715CA930014}.Release|Any CPU.Deploy.0 = Release|Any CPU
		{D7270C98-62A5-42AF-B008-1715CA930014}.Release|ARM.ActiveCfg = Release|Any CPU
		{D7270C98-62A5-42AF-B008-1715CA930014}.Release|ARM.Build.0 = Release|Any CPU
		{D7270C98-62A5-42AF-B008-1715CA930014}.Release|ARM.Deploy.0 = Release|Any CPU
		{D7270C98-62A5-42AF-B008-1715CA930014}.Release|iPhone.ActiveCfg = Release|Any CPU
		{D7270C98-62A5-42AF-B008-1715CA930014}.Release|iPhone.Build.0 = Release|Any CPU
		{D7270C98-62A5-42AF-B008-1715CA930014}.Release|iPhone.Deploy.0 = Release|Any CPU
		{D7270C98-62A5-42AF-B008-1715CA930014}.Release|iPhoneSimulator.ActiveCfg = Release|Any CPU
		{D7270C98-62A5-42AF-B008-1715CA930014}.Release|iPhoneSimulator.Build.0 = Release|Any CPU
		{D7270C98-62A5-42AF-B008-1715CA930014}.Release|iPhoneSimulator.Deploy.0 = Release|Any CPU
		{D7270C98-62A5-42AF-B008-1715CA930014}.Release|x64.ActiveCfg = Release|Any CPU
		{D7270C98-62A5-42AF-B008-1715CA930014}.Release|x64.Build.0 = Release|Any CPU
		{D7270C98-62A5-42AF-B008-1715CA930014}.Release|x64.Deploy.0 = Release|Any CPU
		{D7270C98-62A5-42AF-B008-1715CA930014}.Release|x86.ActiveCfg = Release|Any CPU
		{D7270C98-62A5-42AF-B008-1715CA930014}.Release|x86.Build.0 = Release|Any CPU
		{D7270C98-62A5-42AF-B008-1715CA930014}.Release|x86.Deploy.0 = Release|Any CPU
		{48F4ED2D-0462-41DA-BF78-84A722EA4BBF}.Ad-Hoc|Any CPU.ActiveCfg = Release|x86
		{48F4ED2D-0462-41DA-BF78-84A722EA4BBF}.Ad-Hoc|Any CPU.Build.0 = Release|x86
		{48F4ED2D-0462-41DA-BF78-84A722EA4BBF}.Ad-Hoc|Any CPU.Deploy.0 = Release|x86
		{48F4ED2D-0462-41DA-BF78-84A722EA4BBF}.Ad-Hoc|ARM.ActiveCfg = Release|ARM
		{48F4ED2D-0462-41DA-BF78-84A722EA4BBF}.Ad-Hoc|ARM.Build.0 = Release|ARM
		{48F4ED2D-0462-41DA-BF78-84A722EA4BBF}.Ad-Hoc|ARM.Deploy.0 = Release|ARM
		{48F4ED2D-0462-41DA-BF78-84A722EA4BBF}.Ad-Hoc|iPhone.ActiveCfg = Release|x86
		{48F4ED2D-0462-41DA-BF78-84A722EA4BBF}.Ad-Hoc|iPhone.Build.0 = Release|x86
		{48F4ED2D-0462-41DA-BF78-84A722EA4BBF}.Ad-Hoc|iPhone.Deploy.0 = Release|x86
		{48F4ED2D-0462-41DA-BF78-84A722EA4BBF}.Ad-Hoc|iPhoneSimulator.ActiveCfg = Release|x86
		{48F4ED2D-0462-41DA-BF78-84A722EA4BBF}.Ad-Hoc|iPhoneSimulator.Build.0 = Release|x86
		{48F4ED2D-0462-41DA-BF78-84A722EA4BBF}.Ad-Hoc|iPhoneSimulator.Deploy.0 = Release|x86
		{48F4ED2D-0462-41DA-BF78-84A722EA4BBF}.Ad-Hoc|x64.ActiveCfg = Release|x64
		{48F4ED2D-0462-41DA-BF78-84A722EA4BBF}.Ad-Hoc|x64.Build.0 = Release|x64
		{48F4ED2D-0462-41DA-BF78-84A722EA4BBF}.Ad-Hoc|x64.Deploy.0 = Release|x64
		{48F4ED2D-0462-41DA-BF78-84A722EA4BBF}.Ad-Hoc|x86.ActiveCfg = Release|x86
		{48F4ED2D-0462-41DA-BF78-84A722EA4BBF}.Ad-Hoc|x86.Build.0 = Release|x86
		{48F4ED2D-0462-41DA-BF78-84A722EA4BBF}.Ad-Hoc|x86.Deploy.0 = Release|x86
		{48F4ED2D-0462-41DA-BF78-84A722EA4BBF}.AppStore|Any CPU.ActiveCfg = Release|x86
		{48F4ED2D-0462-41DA-BF78-84A722EA4BBF}.AppStore|Any CPU.Build.0 = Release|x86
		{48F4ED2D-0462-41DA-BF78-84A722EA4BBF}.AppStore|Any CPU.Deploy.0 = Release|x86
		{48F4ED2D-0462-41DA-BF78-84A722EA4BBF}.AppStore|ARM.ActiveCfg = Release|ARM
		{48F4ED2D-0462-41DA-BF78-84A722EA4BBF}.AppStore|ARM.Build.0 = Release|ARM
		{48F4ED2D-0462-41DA-BF78-84A722EA4BBF}.AppStore|ARM.Deploy.0 = Release|ARM
		{48F4ED2D-0462-41DA-BF78-84A722EA4BBF}.AppStore|iPhone.ActiveCfg = Release|x86
		{48F4ED2D-0462-41DA-BF78-84A722EA4BBF}.AppStore|iPhone.Build.0 = Release|x86
		{48F4ED2D-0462-41DA-BF78-84A722EA4BBF}.AppStore|iPhone.Deploy.0 = Release|x86
		{48F4ED2D-0462-41DA-BF78-84A722EA4BBF}.AppStore|iPhoneSimulator.ActiveCfg = Release|x86
		{48F4ED2D-0462-41DA-BF78-84A722EA4BBF}.AppStore|iPhoneSimulator.Build.0 = Release|x86
		{48F4ED2D-0462-41DA-BF78-84A722EA4BBF}.AppStore|iPhoneSimulator.Deploy.0 = Release|x86
		{48F4ED2D-0462-41DA-BF78-84A722EA4BBF}.AppStore|x64.ActiveCfg = Release|x64
		{48F4ED2D-0462-41DA-BF78-84A722EA4BBF}.AppStore|x64.Build.0 = Release|x64
		{48F4ED2D-0462-41DA-BF78-84A722EA4BBF}.AppStore|x64.Deploy.0 = Release|x64
		{48F4ED2D-0462-41DA-BF78-84A722EA4BBF}.AppStore|x86.ActiveCfg = Release|x86
		{48F4ED2D-0462-41DA-BF78-84A722EA4BBF}.AppStore|x86.Build.0 = Release|x86
		{48F4ED2D-0462-41DA-BF78-84A722EA4BBF}.AppStore|x86.Deploy.0 = Release|x86
		{48F4ED2D-0462-41DA-BF78-84A722EA4BBF}.Debug|Any CPU.ActiveCfg = Debug|x86
		{48F4ED2D-0462-41DA-BF78-84A722EA4BBF}.Debug|ARM.ActiveCfg = Debug|ARM
		{48F4ED2D-0462-41DA-BF78-84A722EA4BBF}.Debug|ARM.Build.0 = Debug|ARM
		{48F4ED2D-0462-41DA-BF78-84A722EA4BBF}.Debug|ARM.Deploy.0 = Debug|ARM
		{48F4ED2D-0462-41DA-BF78-84A722EA4BBF}.Debug|iPhone.ActiveCfg = Debug|x86
		{48F4ED2D-0462-41DA-BF78-84A722EA4BBF}.Debug|iPhoneSimulator.ActiveCfg = Debug|x86
		{48F4ED2D-0462-41DA-BF78-84A722EA4BBF}.Debug|x64.ActiveCfg = Debug|x64
		{48F4ED2D-0462-41DA-BF78-84A722EA4BBF}.Debug|x64.Build.0 = Debug|x64
		{48F4ED2D-0462-41DA-BF78-84A722EA4BBF}.Debug|x64.Deploy.0 = Debug|x64
		{48F4ED2D-0462-41DA-BF78-84A722EA4BBF}.Debug|x86.ActiveCfg = Debug|x86
		{48F4ED2D-0462-41DA-BF78-84A722EA4BBF}.Debug|x86.Build.0 = Debug|x86
		{48F4ED2D-0462-41DA-BF78-84A722EA4BBF}.Debug|x86.Deploy.0 = Debug|x86
		{48F4ED2D-0462-41DA-BF78-84A722EA4BBF}.Release|Any CPU.ActiveCfg = Release|x86
		{48F4ED2D-0462-41DA-BF78-84A722EA4BBF}.Release|ARM.ActiveCfg = Release|ARM
		{48F4ED2D-0462-41DA-BF78-84A722EA4BBF}.Release|ARM.Build.0 = Release|ARM
		{48F4ED2D-0462-41DA-BF78-84A722EA4BBF}.Release|ARM.Deploy.0 = Release|ARM
		{48F4ED2D-0462-41DA-BF78-84A722EA4BBF}.Release|iPhone.ActiveCfg = Release|x86
		{48F4ED2D-0462-41DA-BF78-84A722EA4BBF}.Release|iPhoneSimulator.ActiveCfg = Release|x86
		{48F4ED2D-0462-41DA-BF78-84A722EA4BBF}.Release|x64.ActiveCfg = Release|x64
		{48F4ED2D-0462-41DA-BF78-84A722EA4BBF}.Release|x64.Build.0 = Release|x64
		{48F4ED2D-0462-41DA-BF78-84A722EA4BBF}.Release|x64.Deploy.0 = Release|x64
		{48F4ED2D-0462-41DA-BF78-84A722EA4BBF}.Release|x86.ActiveCfg = Release|x86
		{48F4ED2D-0462-41DA-BF78-84A722EA4BBF}.Release|x86.Build.0 = Release|x86
		{48F4ED2D-0462-41DA-BF78-84A722EA4BBF}.Release|x86.Deploy.0 = Release|x86
		{B8020B07-E2B6-42BE-9D1F-37F74660AEFA}.Ad-Hoc|Any CPU.ActiveCfg = Release|Any CPU
		{B8020B07-E2B6-42BE-9D1F-37F74660AEFA}.Ad-Hoc|Any CPU.Build.0 = Release|Any CPU
		{B8020B07-E2B6-42BE-9D1F-37F74660AEFA}.Ad-Hoc|ARM.ActiveCfg = Release|Any CPU
		{B8020B07-E2B6-42BE-9D1F-37F74660AEFA}.Ad-Hoc|ARM.Build.0 = Release|Any CPU
		{B8020B07-E2B6-42BE-9D1F-37F74660AEFA}.Ad-Hoc|iPhone.ActiveCfg = Release|Any CPU
		{B8020B07-E2B6-42BE-9D1F-37F74660AEFA}.Ad-Hoc|iPhone.Build.0 = Release|Any CPU
		{B8020B07-E2B6-42BE-9D1F-37F74660AEFA}.Ad-Hoc|iPhoneSimulator.ActiveCfg = Release|Any CPU
		{B8020B07-E2B6-42BE-9D1F-37F74660AEFA}.Ad-Hoc|iPhoneSimulator.Build.0 = Release|Any CPU
		{B8020B07-E2B6-42BE-9D1F-37F74660AEFA}.Ad-Hoc|x64.ActiveCfg = Release|Any CPU
		{B8020B07-E2B6-42BE-9D1F-37F74660AEFA}.Ad-Hoc|x64.Build.0 = Release|Any CPU
		{B8020B07-E2B6-42BE-9D1F-37F74660AEFA}.Ad-Hoc|x86.ActiveCfg = Release|Any CPU
		{B8020B07-E2B6-42BE-9D1F-37F74660AEFA}.Ad-Hoc|x86.Build.0 = Release|Any CPU
		{B8020B07-E2B6-42BE-9D1F-37F74660AEFA}.AppStore|Any CPU.ActiveCfg = Release|Any CPU
		{B8020B07-E2B6-42BE-9D1F-37F74660AEFA}.AppStore|Any CPU.Build.0 = Release|Any CPU
		{B8020B07-E2B6-42BE-9D1F-37F74660AEFA}.AppStore|ARM.ActiveCfg = Release|Any CPU
		{B8020B07-E2B6-42BE-9D1F-37F74660AEFA}.AppStore|ARM.Build.0 = Release|Any CPU
		{B8020B07-E2B6-42BE-9D1F-37F74660AEFA}.AppStore|iPhone.ActiveCfg = Release|Any CPU
		{B8020B07-E2B6-42BE-9D1F-37F74660AEFA}.AppStore|iPhone.Build.0 = Release|Any CPU
		{B8020B07-E2B6-42BE-9D1F-37F74660AEFA}.AppStore|iPhoneSimulator.ActiveCfg = Release|Any CPU
		{B8020B07-E2B6-42BE-9D1F-37F74660AEFA}.AppStore|iPhoneSimulator.Build.0 = Release|Any CPU
		{B8020B07-E2B6-42BE-9D1F-37F74660AEFA}.AppStore|x64.ActiveCfg = Release|Any CPU
		{B8020B07-E2B6-42BE-9D1F-37F74660AEFA}.AppStore|x64.Build.0 = Release|Any CPU
		{B8020B07-E2B6-42BE-9D1F-37F74660AEFA}.AppStore|x86.ActiveCfg = Release|Any CPU
		{B8020B07-E2B6-42BE-9D1F-37F74660AEFA}.AppStore|x86.Build.0 = Release|Any CPU
		{B8020B07-E2B6-42BE-9D1F-37F74660AEFA}.Debug|Any CPU.ActiveCfg = Debug|Any CPU
		{B8020B07-E2B6-42BE-9D1F-37F74660AEFA}.Debug|Any CPU.Build.0 = Debug|Any CPU
		{B8020B07-E2B6-42BE-9D1F-37F74660AEFA}.Debug|ARM.ActiveCfg = Debug|Any CPU
		{B8020B07-E2B6-42BE-9D1F-37F74660AEFA}.Debug|ARM.Build.0 = Debug|Any CPU
		{B8020B07-E2B6-42BE-9D1F-37F74660AEFA}.Debug|iPhone.ActiveCfg = Debug|Any CPU
		{B8020B07-E2B6-42BE-9D1F-37F74660AEFA}.Debug|iPhone.Build.0 = Debug|Any CPU
		{B8020B07-E2B6-42BE-9D1F-37F74660AEFA}.Debug|iPhoneSimulator.ActiveCfg = Debug|Any CPU
		{B8020B07-E2B6-42BE-9D1F-37F74660AEFA}.Debug|iPhoneSimulator.Build.0 = Debug|Any CPU
		{B8020B07-E2B6-42BE-9D1F-37F74660AEFA}.Debug|x64.ActiveCfg = Debug|Any CPU
		{B8020B07-E2B6-42BE-9D1F-37F74660AEFA}.Debug|x64.Build.0 = Debug|Any CPU
		{B8020B07-E2B6-42BE-9D1F-37F74660AEFA}.Debug|x86.ActiveCfg = Debug|Any CPU
		{B8020B07-E2B6-42BE-9D1F-37F74660AEFA}.Debug|x86.Build.0 = Debug|Any CPU
		{B8020B07-E2B6-42BE-9D1F-37F74660AEFA}.Release|Any CPU.ActiveCfg = Release|Any CPU
		{B8020B07-E2B6-42BE-9D1F-37F74660AEFA}.Release|Any CPU.Build.0 = Release|Any CPU
		{B8020B07-E2B6-42BE-9D1F-37F74660AEFA}.Release|ARM.ActiveCfg = Release|Any CPU
		{B8020B07-E2B6-42BE-9D1F-37F74660AEFA}.Release|ARM.Build.0 = Release|Any CPU
		{B8020B07-E2B6-42BE-9D1F-37F74660AEFA}.Release|iPhone.ActiveCfg = Release|Any CPU
		{B8020B07-E2B6-42BE-9D1F-37F74660AEFA}.Release|iPhone.Build.0 = Release|Any CPU
		{B8020B07-E2B6-42BE-9D1F-37F74660AEFA}.Release|iPhoneSimulator.ActiveCfg = Release|Any CPU
		{B8020B07-E2B6-42BE-9D1F-37F74660AEFA}.Release|iPhoneSimulator.Build.0 = Release|Any CPU
		{B8020B07-E2B6-42BE-9D1F-37F74660AEFA}.Release|x64.ActiveCfg = Release|Any CPU
		{B8020B07-E2B6-42BE-9D1F-37F74660AEFA}.Release|x64.Build.0 = Release|Any CPU
		{B8020B07-E2B6-42BE-9D1F-37F74660AEFA}.Release|x86.ActiveCfg = Release|Any CPU
		{B8020B07-E2B6-42BE-9D1F-37F74660AEFA}.Release|x86.Build.0 = Release|Any CPU
		{5154B7AC-0E71-4639-9374-C3FC42864D70}.Ad-Hoc|Any CPU.ActiveCfg = Release|Any CPU
		{5154B7AC-0E71-4639-9374-C3FC42864D70}.Ad-Hoc|Any CPU.Build.0 = Release|Any CPU
		{5154B7AC-0E71-4639-9374-C3FC42864D70}.Ad-Hoc|ARM.ActiveCfg = Release|Any CPU
		{5154B7AC-0E71-4639-9374-C3FC42864D70}.Ad-Hoc|ARM.Build.0 = Release|Any CPU
		{5154B7AC-0E71-4639-9374-C3FC42864D70}.Ad-Hoc|iPhone.ActiveCfg = Release|Any CPU
		{5154B7AC-0E71-4639-9374-C3FC42864D70}.Ad-Hoc|iPhone.Build.0 = Release|Any CPU
		{5154B7AC-0E71-4639-9374-C3FC42864D70}.Ad-Hoc|iPhoneSimulator.ActiveCfg = Release|Any CPU
		{5154B7AC-0E71-4639-9374-C3FC42864D70}.Ad-Hoc|iPhoneSimulator.Build.0 = Release|Any CPU
		{5154B7AC-0E71-4639-9374-C3FC42864D70}.Ad-Hoc|x64.ActiveCfg = Release|Any CPU
		{5154B7AC-0E71-4639-9374-C3FC42864D70}.Ad-Hoc|x64.Build.0 = Release|Any CPU
		{5154B7AC-0E71-4639-9374-C3FC42864D70}.Ad-Hoc|x86.ActiveCfg = Release|Any CPU
		{5154B7AC-0E71-4639-9374-C3FC42864D70}.Ad-Hoc|x86.Build.0 = Release|Any CPU
		{5154B7AC-0E71-4639-9374-C3FC42864D70}.AppStore|Any CPU.ActiveCfg = Release|Any CPU
		{5154B7AC-0E71-4639-9374-C3FC42864D70}.AppStore|Any CPU.Build.0 = Release|Any CPU
		{5154B7AC-0E71-4639-9374-C3FC42864D70}.AppStore|ARM.ActiveCfg = Release|Any CPU
		{5154B7AC-0E71-4639-9374-C3FC42864D70}.AppStore|ARM.Build.0 = Release|Any CPU
		{5154B7AC-0E71-4639-9374-C3FC42864D70}.AppStore|iPhone.ActiveCfg = Release|Any CPU
		{5154B7AC-0E71-4639-9374-C3FC42864D70}.AppStore|iPhone.Build.0 = Release|Any CPU
		{5154B7AC-0E71-4639-9374-C3FC42864D70}.AppStore|iPhoneSimulator.ActiveCfg = Release|Any CPU
		{5154B7AC-0E71-4639-9374-C3FC42864D70}.AppStore|iPhoneSimulator.Build.0 = Release|Any CPU
		{5154B7AC-0E71-4639-9374-C3FC42864D70}.AppStore|x64.ActiveCfg = Release|Any CPU
		{5154B7AC-0E71-4639-9374-C3FC42864D70}.AppStore|x64.Build.0 = Release|Any CPU
		{5154B7AC-0E71-4639-9374-C3FC42864D70}.AppStore|x86.ActiveCfg = Release|Any CPU
		{5154B7AC-0E71-4639-9374-C3FC42864D70}.AppStore|x86.Build.0 = Release|Any CPU
		{5154B7AC-0E71-4639-9374-C3FC42864D70}.Debug|Any CPU.ActiveCfg = Debug|Any CPU
		{5154B7AC-0E71-4639-9374-C3FC42864D70}.Debug|Any CPU.Build.0 = Debug|Any CPU
		{5154B7AC-0E71-4639-9374-C3FC42864D70}.Debug|ARM.ActiveCfg = Debug|Any CPU
		{5154B7AC-0E71-4639-9374-C3FC42864D70}.Debug|ARM.Build.0 = Debug|Any CPU
		{5154B7AC-0E71-4639-9374-C3FC42864D70}.Debug|iPhone.ActiveCfg = Debug|Any CPU
		{5154B7AC-0E71-4639-9374-C3FC42864D70}.Debug|iPhone.Build.0 = Debug|Any CPU
		{5154B7AC-0E71-4639-9374-C3FC42864D70}.Debug|iPhoneSimulator.ActiveCfg = Debug|Any CPU
		{5154B7AC-0E71-4639-9374-C3FC42864D70}.Debug|iPhoneSimulator.Build.0 = Debug|Any CPU
		{5154B7AC-0E71-4639-9374-C3FC42864D70}.Debug|x64.ActiveCfg = Debug|Any CPU
		{5154B7AC-0E71-4639-9374-C3FC42864D70}.Debug|x64.Build.0 = Debug|Any CPU
		{5154B7AC-0E71-4639-9374-C3FC42864D70}.Debug|x86.ActiveCfg = Debug|Any CPU
		{5154B7AC-0E71-4639-9374-C3FC42864D70}.Debug|x86.Build.0 = Debug|Any CPU
		{5154B7AC-0E71-4639-9374-C3FC42864D70}.Release|Any CPU.ActiveCfg = Release|Any CPU
		{5154B7AC-0E71-4639-9374-C3FC42864D70}.Release|Any CPU.Build.0 = Release|Any CPU
		{5154B7AC-0E71-4639-9374-C3FC42864D70}.Release|ARM.ActiveCfg = Release|Any CPU
		{5154B7AC-0E71-4639-9374-C3FC42864D70}.Release|ARM.Build.0 = Release|Any CPU
		{5154B7AC-0E71-4639-9374-C3FC42864D70}.Release|iPhone.ActiveCfg = Release|Any CPU
		{5154B7AC-0E71-4639-9374-C3FC42864D70}.Release|iPhone.Build.0 = Release|Any CPU
		{5154B7AC-0E71-4639-9374-C3FC42864D70}.Release|iPhoneSimulator.ActiveCfg = Release|Any CPU
		{5154B7AC-0E71-4639-9374-C3FC42864D70}.Release|iPhoneSimulator.Build.0 = Release|Any CPU
		{5154B7AC-0E71-4639-9374-C3FC42864D70}.Release|x64.ActiveCfg = Release|Any CPU
		{5154B7AC-0E71-4639-9374-C3FC42864D70}.Release|x64.Build.0 = Release|Any CPU
		{5154B7AC-0E71-4639-9374-C3FC42864D70}.Release|x86.ActiveCfg = Release|Any CPU
		{5154B7AC-0E71-4639-9374-C3FC42864D70}.Release|x86.Build.0 = Release|Any CPU
		{8B614307-F66F-4134-8CAA-3C1D02846F9B}.Ad-Hoc|Any CPU.ActiveCfg = Release|Any CPU
		{8B614307-F66F-4134-8CAA-3C1D02846F9B}.Ad-Hoc|Any CPU.Build.0 = Release|Any CPU
		{8B614307-F66F-4134-8CAA-3C1D02846F9B}.Ad-Hoc|ARM.ActiveCfg = Release|Any CPU
		{8B614307-F66F-4134-8CAA-3C1D02846F9B}.Ad-Hoc|ARM.Build.0 = Release|Any CPU
		{8B614307-F66F-4134-8CAA-3C1D02846F9B}.Ad-Hoc|iPhone.ActiveCfg = Release|Any CPU
		{8B614307-F66F-4134-8CAA-3C1D02846F9B}.Ad-Hoc|iPhone.Build.0 = Release|Any CPU
		{8B614307-F66F-4134-8CAA-3C1D02846F9B}.Ad-Hoc|iPhoneSimulator.ActiveCfg = Release|Any CPU
		{8B614307-F66F-4134-8CAA-3C1D02846F9B}.Ad-Hoc|iPhoneSimulator.Build.0 = Release|Any CPU
		{8B614307-F66F-4134-8CAA-3C1D02846F9B}.Ad-Hoc|x64.ActiveCfg = Release|Any CPU
		{8B614307-F66F-4134-8CAA-3C1D02846F9B}.Ad-Hoc|x64.Build.0 = Release|Any CPU
		{8B614307-F66F-4134-8CAA-3C1D02846F9B}.Ad-Hoc|x86.ActiveCfg = Release|Any CPU
		{8B614307-F66F-4134-8CAA-3C1D02846F9B}.Ad-Hoc|x86.Build.0 = Release|Any CPU
		{8B614307-F66F-4134-8CAA-3C1D02846F9B}.AppStore|Any CPU.ActiveCfg = Release|Any CPU
		{8B614307-F66F-4134-8CAA-3C1D02846F9B}.AppStore|Any CPU.Build.0 = Release|Any CPU
		{8B614307-F66F-4134-8CAA-3C1D02846F9B}.AppStore|ARM.ActiveCfg = Release|Any CPU
		{8B614307-F66F-4134-8CAA-3C1D02846F9B}.AppStore|ARM.Build.0 = Release|Any CPU
		{8B614307-F66F-4134-8CAA-3C1D02846F9B}.AppStore|iPhone.ActiveCfg = Release|Any CPU
		{8B614307-F66F-4134-8CAA-3C1D02846F9B}.AppStore|iPhone.Build.0 = Release|Any CPU
		{8B614307-F66F-4134-8CAA-3C1D02846F9B}.AppStore|iPhoneSimulator.ActiveCfg = Release|Any CPU
		{8B614307-F66F-4134-8CAA-3C1D02846F9B}.AppStore|iPhoneSimulator.Build.0 = Release|Any CPU
		{8B614307-F66F-4134-8CAA-3C1D02846F9B}.AppStore|x64.ActiveCfg = Release|Any CPU
		{8B614307-F66F-4134-8CAA-3C1D02846F9B}.AppStore|x64.Build.0 = Release|Any CPU
		{8B614307-F66F-4134-8CAA-3C1D02846F9B}.AppStore|x86.ActiveCfg = Release|Any CPU
		{8B614307-F66F-4134-8CAA-3C1D02846F9B}.AppStore|x86.Build.0 = Release|Any CPU
		{8B614307-F66F-4134-8CAA-3C1D02846F9B}.Debug|Any CPU.ActiveCfg = Debug|Any CPU
		{8B614307-F66F-4134-8CAA-3C1D02846F9B}.Debug|Any CPU.Build.0 = Debug|Any CPU
		{8B614307-F66F-4134-8CAA-3C1D02846F9B}.Debug|ARM.ActiveCfg = Debug|Any CPU
		{8B614307-F66F-4134-8CAA-3C1D02846F9B}.Debug|ARM.Build.0 = Debug|Any CPU
		{8B614307-F66F-4134-8CAA-3C1D02846F9B}.Debug|iPhone.ActiveCfg = Debug|Any CPU
		{8B614307-F66F-4134-8CAA-3C1D02846F9B}.Debug|iPhone.Build.0 = Debug|Any CPU
		{8B614307-F66F-4134-8CAA-3C1D02846F9B}.Debug|iPhoneSimulator.ActiveCfg = Debug|Any CPU
		{8B614307-F66F-4134-8CAA-3C1D02846F9B}.Debug|iPhoneSimulator.Build.0 = Debug|Any CPU
		{8B614307-F66F-4134-8CAA-3C1D02846F9B}.Debug|x64.ActiveCfg = Debug|Any CPU
		{8B614307-F66F-4134-8CAA-3C1D02846F9B}.Debug|x64.Build.0 = Debug|Any CPU
		{8B614307-F66F-4134-8CAA-3C1D02846F9B}.Debug|x86.ActiveCfg = Debug|Any CPU
		{8B614307-F66F-4134-8CAA-3C1D02846F9B}.Debug|x86.Build.0 = Debug|Any CPU
		{8B614307-F66F-4134-8CAA-3C1D02846F9B}.Release|Any CPU.ActiveCfg = Release|Any CPU
		{8B614307-F66F-4134-8CAA-3C1D02846F9B}.Release|Any CPU.Build.0 = Release|Any CPU
		{8B614307-F66F-4134-8CAA-3C1D02846F9B}.Release|ARM.ActiveCfg = Release|Any CPU
		{8B614307-F66F-4134-8CAA-3C1D02846F9B}.Release|ARM.Build.0 = Release|Any CPU
		{8B614307-F66F-4134-8CAA-3C1D02846F9B}.Release|iPhone.ActiveCfg = Release|Any CPU
		{8B614307-F66F-4134-8CAA-3C1D02846F9B}.Release|iPhone.Build.0 = Release|Any CPU
		{8B614307-F66F-4134-8CAA-3C1D02846F9B}.Release|iPhoneSimulator.ActiveCfg = Release|Any CPU
		{8B614307-F66F-4134-8CAA-3C1D02846F9B}.Release|iPhoneSimulator.Build.0 = Release|Any CPU
		{8B614307-F66F-4134-8CAA-3C1D02846F9B}.Release|x64.ActiveCfg = Release|Any CPU
		{8B614307-F66F-4134-8CAA-3C1D02846F9B}.Release|x64.Build.0 = Release|Any CPU
		{8B614307-F66F-4134-8CAA-3C1D02846F9B}.Release|x86.ActiveCfg = Release|Any CPU
		{8B614307-F66F-4134-8CAA-3C1D02846F9B}.Release|x86.Build.0 = Release|Any CPU
		{6A6DFF5F-2F68-4FFD-94B6-9A52B4AB641E}.Ad-Hoc|Any CPU.ActiveCfg = Release|Any CPU
		{6A6DFF5F-2F68-4FFD-94B6-9A52B4AB641E}.Ad-Hoc|Any CPU.Build.0 = Release|Any CPU
		{6A6DFF5F-2F68-4FFD-94B6-9A52B4AB641E}.Ad-Hoc|ARM.ActiveCfg = Release|Any CPU
		{6A6DFF5F-2F68-4FFD-94B6-9A52B4AB641E}.Ad-Hoc|ARM.Build.0 = Release|Any CPU
		{6A6DFF5F-2F68-4FFD-94B6-9A52B4AB641E}.Ad-Hoc|iPhone.ActiveCfg = Release|Any CPU
		{6A6DFF5F-2F68-4FFD-94B6-9A52B4AB641E}.Ad-Hoc|iPhone.Build.0 = Release|Any CPU
		{6A6DFF5F-2F68-4FFD-94B6-9A52B4AB641E}.Ad-Hoc|iPhoneSimulator.ActiveCfg = Release|Any CPU
		{6A6DFF5F-2F68-4FFD-94B6-9A52B4AB641E}.Ad-Hoc|iPhoneSimulator.Build.0 = Release|Any CPU
		{6A6DFF5F-2F68-4FFD-94B6-9A52B4AB641E}.Ad-Hoc|x64.ActiveCfg = Release|Any CPU
		{6A6DFF5F-2F68-4FFD-94B6-9A52B4AB641E}.Ad-Hoc|x64.Build.0 = Release|Any CPU
		{6A6DFF5F-2F68-4FFD-94B6-9A52B4AB641E}.Ad-Hoc|x86.ActiveCfg = Release|Any CPU
		{6A6DFF5F-2F68-4FFD-94B6-9A52B4AB641E}.Ad-Hoc|x86.Build.0 = Release|Any CPU
		{6A6DFF5F-2F68-4FFD-94B6-9A52B4AB641E}.AppStore|Any CPU.ActiveCfg = Release|Any CPU
		{6A6DFF5F-2F68-4FFD-94B6-9A52B4AB641E}.AppStore|Any CPU.Build.0 = Release|Any CPU
		{6A6DFF5F-2F68-4FFD-94B6-9A52B4AB641E}.AppStore|ARM.ActiveCfg = Release|Any CPU
		{6A6DFF5F-2F68-4FFD-94B6-9A52B4AB641E}.AppStore|ARM.Build.0 = Release|Any CPU
		{6A6DFF5F-2F68-4FFD-94B6-9A52B4AB641E}.AppStore|iPhone.ActiveCfg = Release|Any CPU
		{6A6DFF5F-2F68-4FFD-94B6-9A52B4AB641E}.AppStore|iPhone.Build.0 = Release|Any CPU
		{6A6DFF5F-2F68-4FFD-94B6-9A52B4AB641E}.AppStore|iPhoneSimulator.ActiveCfg = Release|Any CPU
		{6A6DFF5F-2F68-4FFD-94B6-9A52B4AB641E}.AppStore|iPhoneSimulator.Build.0 = Release|Any CPU
		{6A6DFF5F-2F68-4FFD-94B6-9A52B4AB641E}.AppStore|x64.ActiveCfg = Release|Any CPU
		{6A6DFF5F-2F68-4FFD-94B6-9A52B4AB641E}.AppStore|x64.Build.0 = Release|Any CPU
		{6A6DFF5F-2F68-4FFD-94B6-9A52B4AB641E}.AppStore|x86.ActiveCfg = Release|Any CPU
		{6A6DFF5F-2F68-4FFD-94B6-9A52B4AB641E}.AppStore|x86.Build.0 = Release|Any CPU
		{6A6DFF5F-2F68-4FFD-94B6-9A52B4AB641E}.Debug|Any CPU.ActiveCfg = Debug|Any CPU
		{6A6DFF5F-2F68-4FFD-94B6-9A52B4AB641E}.Debug|Any CPU.Build.0 = Debug|Any CPU
		{6A6DFF5F-2F68-4FFD-94B6-9A52B4AB641E}.Debug|ARM.ActiveCfg = Debug|Any CPU
		{6A6DFF5F-2F68-4FFD-94B6-9A52B4AB641E}.Debug|ARM.Build.0 = Debug|Any CPU
		{6A6DFF5F-2F68-4FFD-94B6-9A52B4AB641E}.Debug|iPhone.ActiveCfg = Debug|Any CPU
		{6A6DFF5F-2F68-4FFD-94B6-9A52B4AB641E}.Debug|iPhone.Build.0 = Debug|Any CPU
		{6A6DFF5F-2F68-4FFD-94B6-9A52B4AB641E}.Debug|iPhoneSimulator.ActiveCfg = Debug|Any CPU
		{6A6DFF5F-2F68-4FFD-94B6-9A52B4AB641E}.Debug|iPhoneSimulator.Build.0 = Debug|Any CPU
		{6A6DFF5F-2F68-4FFD-94B6-9A52B4AB641E}.Debug|x64.ActiveCfg = Debug|Any CPU
		{6A6DFF5F-2F68-4FFD-94B6-9A52B4AB641E}.Debug|x64.Build.0 = Debug|Any CPU
		{6A6DFF5F-2F68-4FFD-94B6-9A52B4AB641E}.Debug|x86.ActiveCfg = Debug|Any CPU
		{6A6DFF5F-2F68-4FFD-94B6-9A52B4AB641E}.Debug|x86.Build.0 = Debug|Any CPU
		{6A6DFF5F-2F68-4FFD-94B6-9A52B4AB641E}.Release|Any CPU.ActiveCfg = Release|Any CPU
		{6A6DFF5F-2F68-4FFD-94B6-9A52B4AB641E}.Release|Any CPU.Build.0 = Release|Any CPU
		{6A6DFF5F-2F68-4FFD-94B6-9A52B4AB641E}.Release|ARM.ActiveCfg = Release|Any CPU
		{6A6DFF5F-2F68-4FFD-94B6-9A52B4AB641E}.Release|ARM.Build.0 = Release|Any CPU
		{6A6DFF5F-2F68-4FFD-94B6-9A52B4AB641E}.Release|iPhone.ActiveCfg = Release|Any CPU
		{6A6DFF5F-2F68-4FFD-94B6-9A52B4AB641E}.Release|iPhone.Build.0 = Release|Any CPU
		{6A6DFF5F-2F68-4FFD-94B6-9A52B4AB641E}.Release|iPhoneSimulator.ActiveCfg = Release|Any CPU
		{6A6DFF5F-2F68-4FFD-94B6-9A52B4AB641E}.Release|iPhoneSimulator.Build.0 = Release|Any CPU
		{6A6DFF5F-2F68-4FFD-94B6-9A52B4AB641E}.Release|x64.ActiveCfg = Release|Any CPU
		{6A6DFF5F-2F68-4FFD-94B6-9A52B4AB641E}.Release|x64.Build.0 = Release|Any CPU
		{6A6DFF5F-2F68-4FFD-94B6-9A52B4AB641E}.Release|x86.ActiveCfg = Release|Any CPU
		{6A6DFF5F-2F68-4FFD-94B6-9A52B4AB641E}.Release|x86.Build.0 = Release|Any CPU
		{B2CB186C-9319-43D0-A694-FB566E083C58}.Ad-Hoc|Any CPU.ActiveCfg = Release|Any CPU
		{B2CB186C-9319-43D0-A694-FB566E083C58}.Ad-Hoc|Any CPU.Build.0 = Release|Any CPU
		{B2CB186C-9319-43D0-A694-FB566E083C58}.Ad-Hoc|ARM.ActiveCfg = Release|Any CPU
		{B2CB186C-9319-43D0-A694-FB566E083C58}.Ad-Hoc|ARM.Build.0 = Release|Any CPU
		{B2CB186C-9319-43D0-A694-FB566E083C58}.Ad-Hoc|iPhone.ActiveCfg = Release|Any CPU
		{B2CB186C-9319-43D0-A694-FB566E083C58}.Ad-Hoc|iPhone.Build.0 = Release|Any CPU
		{B2CB186C-9319-43D0-A694-FB566E083C58}.Ad-Hoc|iPhoneSimulator.ActiveCfg = Release|Any CPU
		{B2CB186C-9319-43D0-A694-FB566E083C58}.Ad-Hoc|iPhoneSimulator.Build.0 = Release|Any CPU
		{B2CB186C-9319-43D0-A694-FB566E083C58}.Ad-Hoc|x64.ActiveCfg = Release|Any CPU
		{B2CB186C-9319-43D0-A694-FB566E083C58}.Ad-Hoc|x64.Build.0 = Release|Any CPU
		{B2CB186C-9319-43D0-A694-FB566E083C58}.Ad-Hoc|x86.ActiveCfg = Release|Any CPU
		{B2CB186C-9319-43D0-A694-FB566E083C58}.Ad-Hoc|x86.Build.0 = Release|Any CPU
		{B2CB186C-9319-43D0-A694-FB566E083C58}.AppStore|Any CPU.ActiveCfg = Release|Any CPU
		{B2CB186C-9319-43D0-A694-FB566E083C58}.AppStore|Any CPU.Build.0 = Release|Any CPU
		{B2CB186C-9319-43D0-A694-FB566E083C58}.AppStore|ARM.ActiveCfg = Release|Any CPU
		{B2CB186C-9319-43D0-A694-FB566E083C58}.AppStore|ARM.Build.0 = Release|Any CPU
		{B2CB186C-9319-43D0-A694-FB566E083C58}.AppStore|iPhone.ActiveCfg = Release|Any CPU
		{B2CB186C-9319-43D0-A694-FB566E083C58}.AppStore|iPhone.Build.0 = Release|Any CPU
		{B2CB186C-9319-43D0-A694-FB566E083C58}.AppStore|iPhoneSimulator.ActiveCfg = Release|Any CPU
		{B2CB186C-9319-43D0-A694-FB566E083C58}.AppStore|iPhoneSimulator.Build.0 = Release|Any CPU
		{B2CB186C-9319-43D0-A694-FB566E083C58}.AppStore|x64.ActiveCfg = Release|Any CPU
		{B2CB186C-9319-43D0-A694-FB566E083C58}.AppStore|x64.Build.0 = Release|Any CPU
		{B2CB186C-9319-43D0-A694-FB566E083C58}.AppStore|x86.ActiveCfg = Release|Any CPU
		{B2CB186C-9319-43D0-A694-FB566E083C58}.AppStore|x86.Build.0 = Release|Any CPU
		{B2CB186C-9319-43D0-A694-FB566E083C58}.Debug|Any CPU.ActiveCfg = Debug|Any CPU
		{B2CB186C-9319-43D0-A694-FB566E083C58}.Debug|Any CPU.Build.0 = Debug|Any CPU
		{B2CB186C-9319-43D0-A694-FB566E083C58}.Debug|ARM.ActiveCfg = Debug|Any CPU
		{B2CB186C-9319-43D0-A694-FB566E083C58}.Debug|ARM.Build.0 = Debug|Any CPU
		{B2CB186C-9319-43D0-A694-FB566E083C58}.Debug|iPhone.ActiveCfg = Debug|Any CPU
		{B2CB186C-9319-43D0-A694-FB566E083C58}.Debug|iPhone.Build.0 = Debug|Any CPU
		{B2CB186C-9319-43D0-A694-FB566E083C58}.Debug|iPhoneSimulator.ActiveCfg = Debug|Any CPU
		{B2CB186C-9319-43D0-A694-FB566E083C58}.Debug|iPhoneSimulator.Build.0 = Debug|Any CPU
		{B2CB186C-9319-43D0-A694-FB566E083C58}.Debug|x64.ActiveCfg = Debug|Any CPU
		{B2CB186C-9319-43D0-A694-FB566E083C58}.Debug|x64.Build.0 = Debug|Any CPU
		{B2CB186C-9319-43D0-A694-FB566E083C58}.Debug|x86.ActiveCfg = Debug|Any CPU
		{B2CB186C-9319-43D0-A694-FB566E083C58}.Debug|x86.Build.0 = Debug|Any CPU
		{B2CB186C-9319-43D0-A694-FB566E083C58}.Release|Any CPU.ActiveCfg = Release|Any CPU
		{B2CB186C-9319-43D0-A694-FB566E083C58}.Release|Any CPU.Build.0 = Release|Any CPU
		{B2CB186C-9319-43D0-A694-FB566E083C58}.Release|ARM.ActiveCfg = Release|Any CPU
		{B2CB186C-9319-43D0-A694-FB566E083C58}.Release|ARM.Build.0 = Release|Any CPU
		{B2CB186C-9319-43D0-A694-FB566E083C58}.Release|iPhone.ActiveCfg = Release|Any CPU
		{B2CB186C-9319-43D0-A694-FB566E083C58}.Release|iPhone.Build.0 = Release|Any CPU
		{B2CB186C-9319-43D0-A694-FB566E083C58}.Release|iPhoneSimulator.ActiveCfg = Release|Any CPU
		{B2CB186C-9319-43D0-A694-FB566E083C58}.Release|iPhoneSimulator.Build.0 = Release|Any CPU
		{B2CB186C-9319-43D0-A694-FB566E083C58}.Release|x64.ActiveCfg = Release|Any CPU
		{B2CB186C-9319-43D0-A694-FB566E083C58}.Release|x64.Build.0 = Release|Any CPU
		{B2CB186C-9319-43D0-A694-FB566E083C58}.Release|x86.ActiveCfg = Release|Any CPU
		{B2CB186C-9319-43D0-A694-FB566E083C58}.Release|x86.Build.0 = Release|Any CPU
	EndGlobalSection
	GlobalSection(SolutionProperties) = preSolution
		HideSolutionNode = FALSE
	EndGlobalSection
EndGlobal
